
Microsoft Visual Studio Solution File, Format Version 9.00
# Visual Studio 2005
Project("{8BC9CEB8-8B4A-11D0-8D11-00A0C91BC942}") = "LexiExport", "LexiExport\LexiExport.vcproj", "{FF167AF2-15B7-4AB2-9034-D3A80CAFA34E}"
	ProjectSection(ProjectDependencies) = postProject
		{387FED5F-FFC1-4D66-ACC5-5163467C241E} = {387FED5F-FFC1-4D66-ACC5-5163467C241E}
		{0D42BA7E-A0D1-4C7B-B78E-C8270A35A219} = {0D42BA7E-A0D1-4C7B-B78E-C8270A35A219}
	EndProjectSection
EndProject
Project("{8BC9CEB8-8B4A-11D0-8D11-00A0C91BC942}") = "GDIMetaLib", "GDIMetaLib\GDIMetaLib.vcproj", "{387FED5F-FFC1-4D66-ACC5-5163467C241E}"
	ProjectSection(ProjectDependencies) = postProject
		{0D42BA7E-A0D1-4C7B-B78E-C8270A35A219} = {0D42BA7E-A0D1-4C7B-B78E-C8270A35A219}
	EndProjectSection
EndProject
Project("{8BC9CEB8-8B4A-11D0-8D11-00A0C91BC942}") = "SharedUtilities", "SharedUtilities\SharedUtilities.vcproj", "{0D42BA7E-A0D1-4C7B-B78E-C8270A35A219}"
EndProject
Project("{8BC9CEB8-8B4A-11D0-8D11-00A0C91BC942}") = "GDITestApp", "GDITestApp\GDITestApp.vcproj", "{981A4576-5AC5-4C00-8181-ADC71C11ADDD}"
	ProjectSection(ProjectDependencies) = postProject
		{387FED5F-FFC1-4D66-ACC5-5163467C241E} = {387FED5F-FFC1-4D66-ACC5-5163467C241E}
		{0D42BA7E-A0D1-4C7B-B78E-C8270A35A219} = {0D42BA7E-A0D1-4C7B-B78E-C8270A35A219}
	EndProjectSection
EndProject
Project("{54435603-DBB4-11D2-8724-00A0C9A8B90C}") = "LexiExportInstall", "LexiExportInstall\LexiExportInstall.vdproj", "{769972B1-78C8-4903-A499-2B0AF63E6B94}"
EndProject
Project("{8BC9CEB8-8B4A-11D0-8D11-00A0C91BC942}") = "LexiExportProxy", "LexiExportProxy\LEXIExportProxy.vcproj", "{088726F7-F64F-4C9F-A669-D2222CD4640A}"
EndProject
Global
	GlobalSection(SolutionConfigurationPlatforms) = preSolution
		Debug|Win32 = Debug|Win32
		Distribution|Win32 = Distribution|Win32
		GDI DLL Release|Win32 = GDI DLL Release|Win32
		GDI Test|Win32 = GDI Test|Win32
		Release|Win32 = Release|Win32
	EndGlobalSection
	GlobalSection(ProjectConfigurationPlatforms) = postSolution
		{FF167AF2-15B7-4AB2-9034-D3A80CAFA34E}.Debug|Win32.ActiveCfg = Debug|Win32
		{FF167AF2-15B7-4AB2-9034-D3A80CAFA34E}.Debug|Win32.Build.0 = Debug|Win32
		{FF167AF2-15B7-4AB2-9034-D3A80CAFA34E}.Distribution|Win32.ActiveCfg = Release|Win32
		{FF167AF2-15B7-4AB2-9034-D3A80CAFA34E}.Distribution|Win32.Build.0 = Release|Win32
		{FF167AF2-15B7-4AB2-9034-D3A80CAFA34E}.GDI DLL Release|Win32.ActiveCfg = Release|Win32
		{FF167AF2-15B7-4AB2-9034-D3A80CAFA34E}.GDI DLL Release|Win32.Build.0 = Release|Win32
		{FF167AF2-15B7-4AB2-9034-D3A80CAFA34E}.GDI Test|Win32.ActiveCfg = Debug|Win32
		{FF167AF2-15B7-4AB2-9034-D3A80CAFA34E}.Release|Win32.ActiveCfg = Release|Win32
		{FF167AF2-15B7-4AB2-9034-D3A80CAFA34E}.Release|Win32.Build.0 = Release|Win32
		{387FED5F-FFC1-4D66-ACC5-5163467C241E}.Debug|Win32.ActiveCfg = Debug|Win32
		{387FED5F-FFC1-4D66-ACC5-5163467C241E}.Debug|Win32.Build.0 = Debug|Win32
		{387FED5F-FFC1-4D66-ACC5-5163467C241E}.Distribution|Win32.ActiveCfg = Release|Win32
		{387FED5F-FFC1-4D66-ACC5-5163467C241E}.Distribution|Win32.Build.0 = Release|Win32
		{387FED5F-FFC1-4D66-ACC5-5163467C241E}.GDI DLL Release|Win32.ActiveCfg = Release|Win32
		{387FED5F-FFC1-4D66-ACC5-5163467C241E}.GDI DLL Release|Win32.Build.0 = Release|Win32
		{387FED5F-FFC1-4D66-ACC5-5163467C241E}.GDI Test|Win32.ActiveCfg = Debug|Win32
		{387FED5F-FFC1-4D66-ACC5-5163467C241E}.GDI Test|Win32.Build.0 = Debug|Win32
		{387FED5F-FFC1-4D66-ACC5-5163467C241E}.Release|Win32.ActiveCfg = Release|Win32
		{387FED5F-FFC1-4D66-ACC5-5163467C241E}.Release|Win32.Build.0 = Release|Win32
		{0D42BA7E-A0D1-4C7B-B78E-C8270A35A219}.Debug|Win32.ActiveCfg = Debug|Win32
		{0D42BA7E-A0D1-4C7B-B78E-C8270A35A219}.Debug|Win32.Build.0 = Debug|Win32
		{0D42BA7E-A0D1-4C7B-B78E-C8270A35A219}.Distribution|Win32.ActiveCfg = Release|Win32
		{0D42BA7E-A0D1-4C7B-B78E-C8270A35A219}.Distribution|Win32.Build.0 = Release|Win32
		{0D42BA7E-A0D1-4C7B-B78E-C8270A35A219}.GDI DLL Release|Win32.ActiveCfg = Release|Win32
		{0D42BA7E-A0D1-4C7B-B78E-C8270A35A219}.GDI DLL Release|Win32.Build.0 = Release|Win32
		{0D42BA7E-A0D1-4C7B-B78E-C8270A35A219}.GDI Test|Win32.ActiveCfg = Debug|Win32
		{0D42BA7E-A0D1-4C7B-B78E-C8270A35A219}.GDI Test|Win32.Build.0 = Debug|Win32
		{0D42BA7E-A0D1-4C7B-B78E-C8270A35A219}.Release|Win32.ActiveCfg = Release|Win32
		{0D42BA7E-A0D1-4C7B-B78E-C8270A35A219}.Release|Win32.Build.0 = Release|Win32
		{981A4576-5AC5-4C00-8181-ADC71C11ADDD}.Debug|Win32.ActiveCfg = Release|Win32
		{981A4576-5AC5-4C00-8181-ADC71C11ADDD}.Distribution|Win32.ActiveCfg = Release|Win32
		{981A4576-5AC5-4C00-8181-ADC71C11ADDD}.GDI DLL Release|Win32.ActiveCfg = Release|Win32
		{981A4576-5AC5-4C00-8181-ADC71C11ADDD}.GDI DLL Release|Win32.Build.0 = Release|Win32
		{981A4576-5AC5-4C00-8181-ADC71C11ADDD}.GDI Test|Win32.ActiveCfg = Debug|Win32
		{981A4576-5AC5-4C00-8181-ADC71C11ADDD}.GDI Test|Win32.Build.0 = Debug|Win32
		{981A4576-5AC5-4C00-8181-ADC71C11ADDD}.Release|Win32.ActiveCfg = Release|Win32
		{769972B1-78C8-4903-A499-2B0AF63E6B94}.Debug|Win32.ActiveCfg = Release
		{769972B1-78C8-4903-A499-2B0AF63E6B94}.Distribution|Win32.ActiveCfg = Distribution
		{769972B1-78C8-4903-A499-2B0AF63E6B94}.Distribution|Win32.Build.0 = Distribution
		{769972B1-78C8-4903-A499-2B0AF63E6B94}.GDI DLL Release|Win32.ActiveCfg = Distribution
		{769972B1-78C8-4903-A499-2B0AF63E6B94}.GDI Test|Win32.ActiveCfg = Release
		{769972B1-78C8-4903-A499-2B0AF63E6B94}.Release|Win32.ActiveCfg = Release
		{088726F7-F64F-4C9F-A669-D2222CD4640A}.Debug|Win32.ActiveCfg = Debug|Win32
		{088726F7-F64F-4C9F-A669-D2222CD4640A}.Debug|Win32.Build.0 = Debug|Win32
		{088726F7-F64F-4C9F-A669-D2222CD4640A}.Distribution|Win32.ActiveCfg = Release|Win32
		{088726F7-F64F-4C9F-A669-D2222CD4640A}.Distribution|Win32.Build.0 = Release|Win32
		{088726F7-F64F-4C9F-A669-D2222CD4640A}.GDI DLL Release|Win32.ActiveCfg = GDI DLL Release|Win32
		{088726F7-F64F-4C9F-A669-D2222CD4640A}.GDI DLL Release|Win32.Build.0 = GDI DLL Release|Win32
		{088726F7-F64F-4C9F-A669-D2222CD4640A}.GDI Test|Win32.ActiveCfg = GDI DLL Release|Win32
		{088726F7-F64F-4C9F-A669-D2222CD4640A}.GDI Test|Win32.Build.0 = GDI DLL Release|Win32
		{088726F7-F64F-4C9F-A669-D2222CD4640A}.Release|Win32.ActiveCfg = Release|Win32
		{088726F7-F64F-4C9F-A669-D2222CD4640A}.Release|Win32.Build.0 = Release|Win32
	EndGlobalSection
	GlobalSection(SolutionProperties) = preSolution
		HideSolutionNode = FALSE
	EndGlobalSection
EndGlobal
