<?xml version="1.0"?>
<!DOCTYPE Code::Blocks_project_file>
<Code::Blocks_project_file>
	<FileVersion major="1" minor="1"/>
	<Project>
		<Option title="Demo_BezierPatch"/>
		<Option makefile="Makefile"/>
		<Option makefile_is_custom="0"/>
		<Option active_target="1"/>
		<Option compiler="0"/>
		<Build>
			<Target title="Debug">
				<Option output="..\bin\debug\demo_bezierpatch.exe"/>
				<Option working_dir="."/>
				<Option object_output="..\obj\debug"/>
				<Option deps_output=".deps"/>
				<Option external_deps=""/>
				<Option type="1"/>
				<Option compiler="0"/>
				<Option includeInTargetAll="0"/>
				<Option projectResourceIncludeDirsRelation="1"/>
				<Compiler>
					<Add option="-W"/>
					<Add option="-g"/>
					<Add option="-DWIN32"/>
					<Add option="-D_DEBUG"/>
					<Add option="-D_WINDOWS"/>
					<Add directory="..\include"/>
					<Add directory="..\..\Common\include"/>
					<Add directory="..\..\..\OgreMain\include"/>
				</Compiler>
				<Linker>
					<Add library="OgreMain_d"/>
					<Add directory="..\..\..\OgreMain\lib\Debug"/>
				</Linker>
				<ExtraCommands>
					<Add after="..\..\..\Dependencies\bin\cp.exe ..\bin\Debug\Demo_BezierPatch.exe ..\..\Common\Bin\Debug"/>
				</ExtraCommands>
			</Target>
			<Target title="Release">
				<Option output="..\bin\release\demo_bezierpatch.exe"/>
				<Option working_dir="."/>
				<Option object_output="..\obj\release"/>
				<Option deps_output=".deps"/>
				<Option external_deps=""/>
				<Option type="1"/>
				<Option compiler="0"/>
				<Option projectResourceIncludeDirsRelation="1"/>
				<Compiler>
					<Add option="-W"/>
					<Add option="-DWIN32"/>
					<Add option="-DNDEBUG"/>
					<Add option="-D_WINDOWS"/>
					<Add directory="..\include"/>
					<Add directory="..\..\Common\include"/>
					<Add directory="..\..\..\OgreMain\include"/>
				</Compiler>
				<Linker>
					<Add library="OgreMain"/>
					<Add directory="..\..\..\OgreMain\lib\Release"/>
				</Linker>
				<ExtraCommands>
					<Add after="..\..\..\Dependencies\bin\cp.exe ..\bin\Release\Demo_BezierPatch.exe ..\..\Common\Bin\Release"/>
					<Add after="strip ..\..\Common\Bin\Release\Demo_BezierPatch.exe"/>
				</ExtraCommands>
			</Target>
		</Build>
		<Compiler>
			<Add option="-g"/>
		</Compiler>
		<Linker>
			<Add option="-Wl,--enable-runtime-pseudo-reloc"/>
		</Linker>
		<Unit filename="..\include\Bezier.h">
			<Option compilerVar=""/>
			<Option compile="0"/>
			<Option link="0"/>
			<Option target="Debug"/>
			<Option target="Release"/>
		</Unit>
		<Unit filename="..\src\Bezier.cpp">
			<Option compilerVar="CPP"/>
			<Option target="Debug"/>
			<Option target="Release"/>
		</Unit>
	</Project>
</Code::Blocks_project_file>
