Microsoft Visual Studio Solution File, Format Version 7.00
Project("{8BC9CEB8-8B4A-11D0-8D11-00A0C91BC942}") = "OgreMain", "OgreMain\scripts\OgreMain.vcproj", "{35AFBABB-DF05-43DE-91A7-BB828A874015}"
EndProject
Project("{8BC9CEB8-8B4A-11D0-8D11-00A0C91BC942}") = "PlatformManager_Win32", "PlatformManagers\Win32\scripts\PlatformManager_Win32.vcproj", "{4464818A-0254-4EE1-AD81-154C399BBE54}"
EndProject
Project("{8BC9CEB8-8B4A-11D0-8D11-00A0C91BC942}") = "RenderSystem_Direct3D7", "RenderSystems\Direct3D7\scripts\RenderSystem_Direct3D7.vcproj", "{4FCE5A80-E8AC-448E-AAA0-B1A35AB9551B}"
EndProject
Project("{8BC9CEB8-8B4A-11D0-8D11-00A0C91BC942}") = "Demo_BezierPatch", "Samples\BezierPatch\scripts\Demo_BezierPatch.vcproj", "{EDD4B978-5ABA-448B-8DA7-A02F99714D66}"
EndProject
Project("{8BC9CEB8-8B4A-11D0-8D11-00A0C91BC942}") = "Demo_BSP", "Samples\BSP\scripts\Demo_BSP.vcproj", "{EDD4B978-5ABA-448B-8DA7-A02F99714D66}"
EndProject
Project("{8BC9CEB8-8B4A-11D0-8D11-00A0C91BC942}") = "Plugin_FileSystem", "PlugIns\FileSystem\scripts\Plugin_FileSystem.vcproj", "{3AD3E5EF-0CC8-4A69-9827-7D42C270007F}"
EndProject
Project("{8BC9CEB8-8B4A-11D0-8D11-00A0C91BC942}") = "Plugin_ParticleFX", "PlugIns\ParticleFX\scripts\Plugin_ParticleFX.vcproj", "{3AD3E5EF-0CC8-4A69-9827-7D42C270007F}"
EndProject
Project("{8BC9CEB8-8B4A-11D0-8D11-00A0C91BC942}") = "Demo_SkyBox", "Samples\SkyBox\scripts\Demo_SkyBox.vcproj", "{EDD4B978-5ABA-448B-8DA7-A02F99714D66}"
EndProject
Project("{8BC9CEB8-8B4A-11D0-8D11-00A0C91BC942}") = "Demo_ParticleFX", "Samples\ParticleFX\scripts\Demo_ParticleFX.vcproj", "{EDD4B978-5ABA-448B-8DA7-A02F99714D66}"
EndProject
Project("{8BC9CEB8-8B4A-11D0-8D11-00A0C91BC942}") = "Demo_EnvMapping", "Samples\EnvMapping\scripts\Demo_EnvMapping.vcproj", "{EDD4B978-5ABA-448B-8DA7-A02F99714D66}"
EndProject
Project("{8BC9CEB8-8B4A-11D0-8D11-00A0C91BC942}") = "Demo_Lighting", "Samples\Lighting\scripts\Demo_Lighting.vcproj", "{EDD4B978-5ABA-448B-8DA7-A02F99714D66}"
EndProject
Project("{8BC9CEB8-8B4A-11D0-8D11-00A0C91BC942}") = "Demo_SkyDome", "Samples\SkyDome\scripts\Demo_SkyDome.vcproj", "{EDD4B978-5ABA-448B-8DA7-A02F99714D66}"
EndProject
Project("{8BC9CEB8-8B4A-11D0-8D11-00A0C91BC942}") = "Demo_SkyPlane", "Samples\SkyPlane\scripts\Demo_SkyPlane.vcproj", "{EDD4B978-5ABA-448B-8DA7-A02F99714D66}"
EndProject
Project("{8BC9CEB8-8B4A-11D0-8D11-00A0C91BC942}") = "Demo_TextureFX", "Samples\TextureFX\scripts\Demo_TextureFX.vcproj", "{EDD4B978-5ABA-448B-8DA7-A02F99714D66}"
EndProject
Project("{8BC9CEB8-8B4A-11D0-8D11-00A0C91BC942}") = "Demo_Transparency", "Samples\Transpacency\scripts\Demo_Transparency.vcproj", "{EDD4B978-5ABA-448B-8DA7-A02F99714D66}"
EndProject
Project("{8BC9CEB8-8B4A-11D0-8D11-00A0C91BC942}") = "Plugin_BSPSceneManager", "PlugIns\BSPSceneManager\scripts\Plugin_BSPSceneManager.vcproj", "{80DECC17-BDDD-4412-8CF8-F7C1C17A7436}"
EndProject
Project("{8BC9CEB8-8B4A-11D0-8D11-00A0C91BC942}") = "RenderSystem_SDL", "RenderSystems\SDL\scripts\RenderSystem_SDL.vcproj", "{4FCE5A80-E8AC-448E-AAA0-B1A35AB9551B}"
EndProject
Project("{8BC9CEB8-8B4A-11D0-8D11-00A0C91BC942}") = "MilkshapeExport", "Tools\MilkshapeExport\scripts\MilkshapeExport.vcproj", "{D4929E45-2A25-4F53-96A1-E1BCD91D9B6A}"
EndProject
Project("{8BC9CEB8-8B4A-11D0-8D11-00A0C91BC942}") = "3ds2oof", "Tools\3ds2oof\scripts\3ds2oof.vcproj", "{B4FB6BCF-FA5A-42C2-9FA5-F1653B95ADE3}"
EndProject
Global
	GlobalSection(SolutionConfiguration) = preSolution
		ConfigName.0 = Debug
		ConfigName.1 = Release
	EndGlobalSection
	GlobalSection(ProjectDependencies) = postSolution
		{4464818A-0254-4EE1-AD81-154C399BBE54}.0 = {35AFBABB-DF05-43DE-91A7-BB828A874015}
		{4FCE5A80-E8AC-448E-AAA0-B1A35AB9551B}.0 = {35AFBABB-DF05-43DE-91A7-BB828A874015}
		{EDD4B978-5ABA-448B-8DA7-A02F99714D66}.0 = {35AFBABB-DF05-43DE-91A7-BB828A874015}
		{EDD4B978-5ABA-448B-8DA7-A02F99714D66}.1 = {4464818A-0254-4EE1-AD81-154C399BBE54}
		{EDD4B978-5ABA-448B-8DA7-A02F99714D66}.2 = {4FCE5A80-E8AC-448E-AAA0-B1A35AB9551B}
		{EDD4B978-5ABA-448B-8DA7-A02F99714D66}.3 = {3AD3E5EF-0CC8-4A69-9827-7D42C270007F}
		{EDD4B978-5ABA-448B-8DA7-A02F99714D66}.4 = {3AD3E5EF-0CC8-4A69-9827-7D42C270007F}
		{EDD4B978-5ABA-448B-8DA7-A02F99714D66}.5 = {80DECC17-BDDD-4412-8CF8-F7C1C17A7436}
		{EDD4B978-5ABA-448B-8DA7-A02F99714D66}.0 = {35AFBABB-DF05-43DE-91A7-BB828A874015}
		{EDD4B978-5ABA-448B-8DA7-A02F99714D66}.1 = {4464818A-0254-4EE1-AD81-154C399BBE54}
		{EDD4B978-5ABA-448B-8DA7-A02F99714D66}.2 = {4FCE5A80-E8AC-448E-AAA0-B1A35AB9551B}
		{EDD4B978-5ABA-448B-8DA7-A02F99714D66}.3 = {3AD3E5EF-0CC8-4A69-9827-7D42C270007F}
		{EDD4B978-5ABA-448B-8DA7-A02F99714D66}.4 = {3AD3E5EF-0CC8-4A69-9827-7D42C270007F}
		{EDD4B978-5ABA-448B-8DA7-A02F99714D66}.5 = {80DECC17-BDDD-4412-8CF8-F7C1C17A7436}
		{3AD3E5EF-0CC8-4A69-9827-7D42C270007F}.0 = {35AFBABB-DF05-43DE-91A7-BB828A874015}
		{3AD3E5EF-0CC8-4A69-9827-7D42C270007F}.0 = {35AFBABB-DF05-43DE-91A7-BB828A874015}
		{EDD4B978-5ABA-448B-8DA7-A02F99714D66}.0 = {35AFBABB-DF05-43DE-91A7-BB828A874015}
		{EDD4B978-5ABA-448B-8DA7-A02F99714D66}.1 = {4464818A-0254-4EE1-AD81-154C399BBE54}
		{EDD4B978-5ABA-448B-8DA7-A02F99714D66}.2 = {4FCE5A80-E8AC-448E-AAA0-B1A35AB9551B}
		{EDD4B978-5ABA-448B-8DA7-A02F99714D66}.3 = {3AD3E5EF-0CC8-4A69-9827-7D42C270007F}
		{EDD4B978-5ABA-448B-8DA7-A02F99714D66}.4 = {3AD3E5EF-0CC8-4A69-9827-7D42C270007F}
		{EDD4B978-5ABA-448B-8DA7-A02F99714D66}.5 = {80DECC17-BDDD-4412-8CF8-F7C1C17A7436}
		{EDD4B978-5ABA-448B-8DA7-A02F99714D66}.0 = {35AFBABB-DF05-43DE-91A7-BB828A874015}
		{EDD4B978-5ABA-448B-8DA7-A02F99714D66}.1 = {4464818A-0254-4EE1-AD81-154C399BBE54}
		{EDD4B978-5ABA-448B-8DA7-A02F99714D66}.2 = {4FCE5A80-E8AC-448E-AAA0-B1A35AB9551B}
		{EDD4B978-5ABA-448B-8DA7-A02F99714D66}.3 = {3AD3E5EF-0CC8-4A69-9827-7D42C270007F}
		{EDD4B978-5ABA-448B-8DA7-A02F99714D66}.4 = {3AD3E5EF-0CC8-4A69-9827-7D42C270007F}
		{EDD4B978-5ABA-448B-8DA7-A02F99714D66}.5 = {80DECC17-BDDD-4412-8CF8-F7C1C17A7436}
		{EDD4B978-5ABA-448B-8DA7-A02F99714D66}.0 = {35AFBABB-DF05-43DE-91A7-BB828A874015}
		{EDD4B978-5ABA-448B-8DA7-A02F99714D66}.1 = {4464818A-0254-4EE1-AD81-154C399BBE54}
		{EDD4B978-5ABA-448B-8DA7-A02F99714D66}.2 = {4FCE5A80-E8AC-448E-AAA0-B1A35AB9551B}
		{EDD4B978-5ABA-448B-8DA7-A02F99714D66}.3 = {3AD3E5EF-0CC8-4A69-9827-7D42C270007F}
		{EDD4B978-5ABA-448B-8DA7-A02F99714D66}.4 = {3AD3E5EF-0CC8-4A69-9827-7D42C270007F}
		{EDD4B978-5ABA-448B-8DA7-A02F99714D66}.5 = {80DECC17-BDDD-4412-8CF8-F7C1C17A7436}
		{EDD4B978-5ABA-448B-8DA7-A02F99714D66}.0 = {35AFBABB-DF05-43DE-91A7-BB828A874015}
		{EDD4B978-5ABA-448B-8DA7-A02F99714D66}.1 = {4464818A-0254-4EE1-AD81-154C399BBE54}
		{EDD4B978-5ABA-448B-8DA7-A02F99714D66}.2 = {4FCE5A80-E8AC-448E-AAA0-B1A35AB9551B}
		{EDD4B978-5ABA-448B-8DA7-A02F99714D66}.3 = {3AD3E5EF-0CC8-4A69-9827-7D42C270007F}
		{EDD4B978-5ABA-448B-8DA7-A02F99714D66}.4 = {3AD3E5EF-0CC8-4A69-9827-7D42C270007F}
		{EDD4B978-5ABA-448B-8DA7-A02F99714D66}.5 = {80DECC17-BDDD-4412-8CF8-F7C1C17A7436}
		{EDD4B978-5ABA-448B-8DA7-A02F99714D66}.0 = {35AFBABB-DF05-43DE-91A7-BB828A874015}
		{EDD4B978-5ABA-448B-8DA7-A02F99714D66}.1 = {4464818A-0254-4EE1-AD81-154C399BBE54}
		{EDD4B978-5ABA-448B-8DA7-A02F99714D66}.2 = {4FCE5A80-E8AC-448E-AAA0-B1A35AB9551B}
		{EDD4B978-5ABA-448B-8DA7-A02F99714D66}.3 = {3AD3E5EF-0CC8-4A69-9827-7D42C270007F}
		{EDD4B978-5ABA-448B-8DA7-A02F99714D66}.4 = {3AD3E5EF-0CC8-4A69-9827-7D42C270007F}
		{EDD4B978-5ABA-448B-8DA7-A02F99714D66}.5 = {80DECC17-BDDD-4412-8CF8-F7C1C17A7436}
		{EDD4B978-5ABA-448B-8DA7-A02F99714D66}.0 = {35AFBABB-DF05-43DE-91A7-BB828A874015}
		{EDD4B978-5ABA-448B-8DA7-A02F99714D66}.1 = {4464818A-0254-4EE1-AD81-154C399BBE54}
		{EDD4B978-5ABA-448B-8DA7-A02F99714D66}.2 = {4FCE5A80-E8AC-448E-AAA0-B1A35AB9551B}
		{EDD4B978-5ABA-448B-8DA7-A02F99714D66}.3 = {3AD3E5EF-0CC8-4A69-9827-7D42C270007F}
		{EDD4B978-5ABA-448B-8DA7-A02F99714D66}.4 = {3AD3E5EF-0CC8-4A69-9827-7D42C270007F}
		{EDD4B978-5ABA-448B-8DA7-A02F99714D66}.5 = {80DECC17-BDDD-4412-8CF8-F7C1C17A7436}
		{EDD4B978-5ABA-448B-8DA7-A02F99714D66}.0 = {35AFBABB-DF05-43DE-91A7-BB828A874015}
		{EDD4B978-5ABA-448B-8DA7-A02F99714D66}.1 = {4464818A-0254-4EE1-AD81-154C399BBE54}
		{EDD4B978-5ABA-448B-8DA7-A02F99714D66}.2 = {4FCE5A80-E8AC-448E-AAA0-B1A35AB9551B}
		{EDD4B978-5ABA-448B-8DA7-A02F99714D66}.3 = {3AD3E5EF-0CC8-4A69-9827-7D42C270007F}
		{EDD4B978-5ABA-448B-8DA7-A02F99714D66}.4 = {3AD3E5EF-0CC8-4A69-9827-7D42C270007F}
		{EDD4B978-5ABA-448B-8DA7-A02F99714D66}.5 = {80DECC17-BDDD-4412-8CF8-F7C1C17A7436}
		{EDD4B978-5ABA-448B-8DA7-A02F99714D66}.0 = {35AFBABB-DF05-43DE-91A7-BB828A874015}
		{EDD4B978-5ABA-448B-8DA7-A02F99714D66}.1 = {4464818A-0254-4EE1-AD81-154C399BBE54}
		{EDD4B978-5ABA-448B-8DA7-A02F99714D66}.2 = {4FCE5A80-E8AC-448E-AAA0-B1A35AB9551B}
		{EDD4B978-5ABA-448B-8DA7-A02F99714D66}.3 = {3AD3E5EF-0CC8-4A69-9827-7D42C270007F}
		{EDD4B978-5ABA-448B-8DA7-A02F99714D66}.4 = {3AD3E5EF-0CC8-4A69-9827-7D42C270007F}
		{EDD4B978-5ABA-448B-8DA7-A02F99714D66}.5 = {80DECC17-BDDD-4412-8CF8-F7C1C17A7436}
		{80DECC17-BDDD-4412-8CF8-F7C1C17A7436}.0 = {35AFBABB-DF05-43DE-91A7-BB828A874015}
		{4FCE5A80-E8AC-448E-AAA0-B1A35AB9551B}.0 = {35AFBABB-DF05-43DE-91A7-BB828A874015}
		{D4929E45-2A25-4F53-96A1-E1BCD91D9B6A}.0 = {35AFBABB-DF05-43DE-91A7-BB828A874015}
	EndGlobalSection
	GlobalSection(ProjectConfiguration) = postSolution
		{35AFBABB-DF05-43DE-91A7-BB828A874015}.Debug.ActiveCfg = Debug|Win32
		{35AFBABB-DF05-43DE-91A7-BB828A874015}.Debug.Build.0 = Debug|Win32
		{35AFBABB-DF05-43DE-91A7-BB828A874015}.Release.ActiveCfg = Release|Win32
		{35AFBABB-DF05-43DE-91A7-BB828A874015}.Release.Build.0 = Release|Win32
		{4464818A-0254-4EE1-AD81-154C399BBE54}.Debug.ActiveCfg = Debug|Win32
		{4464818A-0254-4EE1-AD81-154C399BBE54}.Debug.Build.0 = Debug|Win32
		{4464818A-0254-4EE1-AD81-154C399BBE54}.Release.ActiveCfg = Release|Win32
		{4464818A-0254-4EE1-AD81-154C399BBE54}.Release.Build.0 = Release|Win32
		{4FCE5A80-E8AC-448E-AAA0-B1A35AB9551B}.Debug.ActiveCfg = Debug|Win32
		{4FCE5A80-E8AC-448E-AAA0-B1A35AB9551B}.Debug.Build.0 = Debug|Win32
		{4FCE5A80-E8AC-448E-AAA0-B1A35AB9551B}.Release.ActiveCfg = Release|Win32
		{4FCE5A80-E8AC-448E-AAA0-B1A35AB9551B}.Release.Build.0 = Release|Win32
		{EDD4B978-5ABA-448B-8DA7-A02F99714D66}.Debug.ActiveCfg = Debug|Win32
		{EDD4B978-5ABA-448B-8DA7-A02F99714D66}.Debug.Build.0 = Debug|Win32
		{EDD4B978-5ABA-448B-8DA7-A02F99714D66}.Release.ActiveCfg = Release|Win32
		{EDD4B978-5ABA-448B-8DA7-A02F99714D66}.Release.Build.0 = Release|Win32
		{EDD4B978-5ABA-448B-8DA7-A02F99714D66}.Debug.ActiveCfg = Debug|Win32
		{EDD4B978-5ABA-448B-8DA7-A02F99714D66}.Debug.Build.0 = Debug|Win32
		{EDD4B978-5ABA-448B-8DA7-A02F99714D66}.Release.ActiveCfg = Release|Win32
		{EDD4B978-5ABA-448B-8DA7-A02F99714D66}.Release.Build.0 = Release|Win32
		{3AD3E5EF-0CC8-4A69-9827-7D42C270007F}.Debug.ActiveCfg = Debug|Win32
		{3AD3E5EF-0CC8-4A69-9827-7D42C270007F}.Debug.Build.0 = Debug|Win32
		{3AD3E5EF-0CC8-4A69-9827-7D42C270007F}.Release.ActiveCfg = Release|Win32
		{3AD3E5EF-0CC8-4A69-9827-7D42C270007F}.Release.Build.0 = Release|Win32
		{3AD3E5EF-0CC8-4A69-9827-7D42C270007F}.Debug.ActiveCfg = Debug|Win32
		{3AD3E5EF-0CC8-4A69-9827-7D42C270007F}.Debug.Build.0 = Debug|Win32
		{3AD3E5EF-0CC8-4A69-9827-7D42C270007F}.Release.ActiveCfg = Release|Win32
		{3AD3E5EF-0CC8-4A69-9827-7D42C270007F}.Release.Build.0 = Release|Win32
		{EDD4B978-5ABA-448B-8DA7-A02F99714D66}.Debug.ActiveCfg = Debug|Win32
		{EDD4B978-5ABA-448B-8DA7-A02F99714D66}.Debug.Build.0 = Debug|Win32
		{EDD4B978-5ABA-448B-8DA7-A02F99714D66}.Release.ActiveCfg = Release|Win32
		{EDD4B978-5ABA-448B-8DA7-A02F99714D66}.Release.Build.0 = Release|Win32
		{EDD4B978-5ABA-448B-8DA7-A02F99714D66}.Debug.ActiveCfg = Debug|Win32
		{EDD4B978-5ABA-448B-8DA7-A02F99714D66}.Debug.Build.0 = Debug|Win32
		{EDD4B978-5ABA-448B-8DA7-A02F99714D66}.Release.ActiveCfg = Release|Win32
		{EDD4B978-5ABA-448B-8DA7-A02F99714D66}.Release.Build.0 = Release|Win32
		{EDD4B978-5ABA-448B-8DA7-A02F99714D66}.Debug.ActiveCfg = Debug|Win32
		{EDD4B978-5ABA-448B-8DA7-A02F99714D66}.Debug.Build.0 = Debug|Win32
		{EDD4B978-5ABA-448B-8DA7-A02F99714D66}.Release.ActiveCfg = Release|Win32
		{EDD4B978-5ABA-448B-8DA7-A02F99714D66}.Release.Build.0 = Release|Win32
		{EDD4B978-5ABA-448B-8DA7-A02F99714D66}.Debug.ActiveCfg = Debug|Win32
		{EDD4B978-5ABA-448B-8DA7-A02F99714D66}.Debug.Build.0 = Debug|Win32
		{EDD4B978-5ABA-448B-8DA7-A02F99714D66}.Release.ActiveCfg = Release|Win32
		{EDD4B978-5ABA-448B-8DA7-A02F99714D66}.Release.Build.0 = Release|Win32
		{EDD4B978-5ABA-448B-8DA7-A02F99714D66}.Debug.ActiveCfg = Debug|Win32
		{EDD4B978-5ABA-448B-8DA7-A02F99714D66}.Debug.Build.0 = Debug|Win32
		{EDD4B978-5ABA-448B-8DA7-A02F99714D66}.Release.ActiveCfg = Release|Win32
		{EDD4B978-5ABA-448B-8DA7-A02F99714D66}.Release.Build.0 = Release|Win32
		{EDD4B978-5ABA-448B-8DA7-A02F99714D66}.Debug.ActiveCfg = Debug|Win32
		{EDD4B978-5ABA-448B-8DA7-A02F99714D66}.Debug.Build.0 = Debug|Win32
		{EDD4B978-5ABA-448B-8DA7-A02F99714D66}.Release.ActiveCfg = Release|Win32
		{EDD4B978-5ABA-448B-8DA7-A02F99714D66}.Release.Build.0 = Release|Win32
		{EDD4B978-5ABA-448B-8DA7-A02F99714D66}.Debug.ActiveCfg = Debug|Win32
		{EDD4B978-5ABA-448B-8DA7-A02F99714D66}.Debug.Build.0 = Debug|Win32
		{EDD4B978-5ABA-448B-8DA7-A02F99714D66}.Release.ActiveCfg = Release|Win32
		{EDD4B978-5ABA-448B-8DA7-A02F99714D66}.Release.Build.0 = Release|Win32
		{EDD4B978-5ABA-448B-8DA7-A02F99714D66}.Debug.ActiveCfg = Debug|Win32
		{EDD4B978-5ABA-448B-8DA7-A02F99714D66}.Debug.Build.0 = Debug|Win32
		{EDD4B978-5ABA-448B-8DA7-A02F99714D66}.Release.ActiveCfg = Release|Win32
		{EDD4B978-5ABA-448B-8DA7-A02F99714D66}.Release.Build.0 = Release|Win32
		{80DECC17-BDDD-4412-8CF8-F7C1C17A7436}.Debug.ActiveCfg = Debug|Win32
		{80DECC17-BDDD-4412-8CF8-F7C1C17A7436}.Debug.Build.0 = Debug|Win32
		{80DECC17-BDDD-4412-8CF8-F7C1C17A7436}.Release.ActiveCfg = Release|Win32
		{80DECC17-BDDD-4412-8CF8-F7C1C17A7436}.Release.Build.0 = Release|Win32
		{4FCE5A80-E8AC-448E-AAA0-B1A35AB9551B}.Debug.ActiveCfg = Debug|Win32
		{4FCE5A80-E8AC-448E-AAA0-B1A35AB9551B}.Debug.Build.0 = Debug|Win32
		{4FCE5A80-E8AC-448E-AAA0-B1A35AB9551B}.Release.ActiveCfg = Release|Win32
		{4FCE5A80-E8AC-448E-AAA0-B1A35AB9551B}.Release.Build.0 = Release|Win32
		{D4929E45-2A25-4F53-96A1-E1BCD91D9B6A}.Debug.ActiveCfg = Debug|Win32
		{D4929E45-2A25-4F53-96A1-E1BCD91D9B6A}.Debug.Build.0 = Debug|Win32
		{D4929E45-2A25-4F53-96A1-E1BCD91D9B6A}.Release.ActiveCfg = Release|Win32
		{D4929E45-2A25-4F53-96A1-E1BCD91D9B6A}.Release.Build.0 = Release|Win32
		{B4FB6BCF-FA5A-42C2-9FA5-F1653B95ADE3}.Debug.ActiveCfg = Debug|Win32
		{B4FB6BCF-FA5A-42C2-9FA5-F1653B95ADE3}.Debug.Build.0 = Debug|Win32
		{B4FB6BCF-FA5A-42C2-9FA5-F1653B95ADE3}.Release.ActiveCfg = Release|Win32
		{B4FB6BCF-FA5A-42C2-9FA5-F1653B95ADE3}.Release.Build.0 = Release|Win32
	EndGlobalSection
	GlobalSection(ExtensibilityGlobals) = postSolution
		DPBuild = 5
	EndGlobalSection
	GlobalSection(ExtensibilityAddIns) = postSolution
	EndGlobalSection
EndGlobal
