Microsoft Visual Studio Solution File, Format Version 7.00
Project("{8BC9CEB8-8B4A-11D0-8D11-00A0C91BC942}") = "PlatformManager_Win32", "PlatformManagers\Win32\scripts\PlatformManager_Win32.vcproj", "{4464818A-0254-4EE1-AD81-154C399BBE54}"
EndProject
Project("{8BC9CEB8-8B4A-11D0-8D11-00A0C91BC942}") = "RenderSystem_Direct3D7", "RenderSystems\Direct3D7\scripts\RenderSystem_Direct3D7.vcproj", "{4FCE5A80-E8AC-448E-AAA0-B1A35AB9551B}"
EndProject
Project("{8BC9CEB8-8B4A-11D0-8D11-00A0C91BC942}") = "Demo_BezierPatch", "Samples\BezierPatch\scripts\Demo_BezierPatch.vcproj", "{EDD4B978-5ABA-448B-8DA7-A02F99714D66}"
EndProject
Project("{8BC9CEB8-8B4A-11D0-8D11-00A0C91BC942}") = "Demo_BSP", "Samples\BSP\scripts\Demo_BSP.vcproj", "{EDD4B978-5ABA-448B-8DA7-A02F99714D66}"
EndProject
Project("{8BC9CEB8-8B4A-11D0-8D11-00A0C91BC942}") = "Plugin_FileSystem", "PlugIns\FileSystem\scripts\Plugin_FileSystem.vcproj", "{3AD3E5EF-0CC8-4A69-9827-7D42C270007F}"
EndProject
Project("{8BC9CEB8-8B4A-11D0-8D11-00A0C91BC942}") = "Plugin_ParticleFX", "PlugIns\ParticleFX\scripts\Plugin_ParticleFX.vcproj", "{3AD3E5EF-0CC8-4A69-9827-7D42C270007F}"
EndProject
Project("{8BC9CEB8-8B4A-11D0-8D11-00A0C91BC942}") = "Demo_SkyBox", "Samples\SkyBox\scripts\Demo_SkyBox.vcproj", "{EDD4B978-5ABA-448B-8DA7-A02F99714D66}"
EndProject
Project("{8BC9CEB8-8B4A-11D0-8D11-00A0C91BC942}") = "Demo_ParticleFX", "Samples\ParticleFX\scripts\Demo_ParticleFX.vcproj", "{EDD4B978-5ABA-448B-8DA7-A02F99714D66}"
EndProject
Project("{8BC9CEB8-8B4A-11D0-8D11-00A0C91BC942}") = "Demo_EnvMapping", "Samples\EnvMapping\scripts\Demo_EnvMapping.vcproj", "{EDD4B978-5ABA-448B-8DA7-A02F99714D66}"
EndProject
Project("{8BC9CEB8-8B4A-11D0-8D11-00A0C91BC942}") = "Demo_Lighting", "Samples\Lighting\scripts\Demo_Lighting.vcproj", "{EDD4B978-5ABA-448B-8DA7-A02F99714D66}"
EndProject
Project("{8BC9CEB8-8B4A-11D0-8D11-00A0C91BC942}") = "Demo_SkyDome", "Samples\SkyDome\scripts\Demo_SkyDome.vcproj", "{EDD4B978-5ABA-448B-8DA7-A02F99714D66}"
EndProject
Project("{8BC9CEB8-8B4A-11D0-8D11-00A0C91BC942}") = "Demo_SkyPlane", "Samples\SkyPlane\scripts\Demo_SkyPlane.vcproj", "{EDD4B978-5ABA-448B-8DA7-A02F99714D66}"
EndProject
Project("{8BC9CEB8-8B4A-11D0-8D11-00A0C91BC942}") = "Demo_TextureFX", "Samples\TextureFX\scripts\Demo_TextureFX.vcproj", "{EDD4B978-5ABA-448B-8DA7-A02F99714D66}"
EndProject
Project("{8BC9CEB8-8B4A-11D0-8D11-00A0C91BC942}") = "Demo_Transparency", "Samples\Transpacency\scripts\Demo_Transparency.vcproj", "{EDD4B978-5ABA-448B-8DA7-A02F99714D66}"
EndProject
Project("{8BC9CEB8-8B4A-11D0-8D11-00A0C91BC942}") = "Plugin_BSPSceneManager", "PlugIns\BSPSceneManager\scripts\Plugin_BSPSceneManager.vcproj", "{80DECC17-BDDD-4412-8CF8-F7C1C17A7436}"
EndProject
Project("{8BC9CEB8-8B4A-11D0-8D11-00A0C91BC942}") = "MilkshapeExport", "Tools\MilkshapeExport\scripts\MilkshapeExport.vcproj", "{D4929E45-2A25-4F53-96A1-E1BCD91D9B6A}"
EndProject
Project("{8BC9CEB8-8B4A-11D0-8D11-00A0C91BC942}") = "Demo_SkeletalAnimation", "Samples\SkeletalAnimation\scripts\Demo_SkeletalAnimation.vcproj", "{EDD4B978-5ABA-448B-8DA7-A02F99714D66}"
EndProject
Project("{8BC9CEB8-8B4A-11D0-8D11-00A0C91BC942}") = "XMLConverter", "Tools\XMLConverter\scripts\XMLConverter.vcproj", "{B4FB6BCF-FA5A-42C2-9FA5-F1653B95ADE3}"
EndProject
Project("{8BC9CEB8-8B4A-11D0-8D11-00A0C91BC942}") = "Plugin_OctreeSceneManager", "PlugIns\OctreeSceneManager\scripts\Plugin_OctreeSceneManager.vcproj", "{80DECC17-BDDD-4412-8CF8-F7C1C17A7436}"
EndProject
Project("{8BC9CEB8-8B4A-11D0-8D11-00A0C91BC942}") = "Plugin_GuiElements", "PlugIns\GuiElements\scripts\Plugin_GuiElements.vcproj", "{3AD3E5EF-0CC8-4A69-9827-7D42C270007F}"
EndProject
Project("{8BC9CEB8-8B4A-11D0-8D11-00A0C91BC942}") = "Demo_CameraTrack", "Samples\CameraTrack\scripts\Demo_CameraTrack.vcproj", "{EDD4B978-5ABA-448B-8DA7-A02F99714D66}"
EndProject
Project("{8BC9CEB8-8B4A-11D0-8D11-00A0C91BC942}") = "Demo_Terrain", "Samples\Terrain\scripts\Demo_Terrain.vcproj", "{EDD4B978-5ABA-448B-8DA7-A02F99714D66}"
EndProject
Project("{8BC9CEB8-8B4A-11D0-8D11-00A0C91BC942}") = "Demo_Gui", "Samples\Gui\scripts\Demo_Gui.vcproj", "{EDD4B978-5ABA-448B-8DA7-A02F99714D66}"
EndProject
Project("{8BC9CEB8-8B4A-11D0-8D11-00A0C91BC942}") = "Demo_RenderToTexture", "Samples\RenderToTexture\scripts\Demo_RenderToTexture.vcproj", "{EDD4B978-5ABA-448B-8DA7-A02F99714D66}"
EndProject
Project("{8BC9CEB8-8B4A-11D0-8D11-00A0C91BC942}") = "Plugin_NatureSceneManager", "PlugIns\NatureSceneManager\scripts\Plugin_NatureSceneManager.vcproj", "{9D5F0157-CC6C-465B-89E8-48A699A6299A}"
EndProject
Project("{8BC9CEB8-8B4A-11D0-8D11-00A0C91BC942}") = "RenderSystem_Direct3D9", "RenderSystems\Direct3D9\scripts\RenderSystem_Direct3D9.vcproj", "{0F172B9C-E5D5-4EB1-BFDB-93D787A37461}"
EndProject
Project("{8BC9CEB8-8B4A-11D0-8D11-00A0C91BC942}") = "OgreMain", "OgreMain\scripts\OgreMain.vcproj", "{35AFBABB-DF05-43DE-91A7-BB828A874015}"
EndProject
Project("{8BC9CEB8-8B4A-11D0-8D11-00A0C91BC942}") = "Demo_Nature", "Samples\Nature\scripts\NatureConsoleTest.vcproj", "{A5DF6866-2C4A-4A55-8981-7D819F3DAE4C}"
EndProject
Project("{8BC9CEB8-8B4A-11D0-8D11-00A0C91BC942}") = "RenderSystem_GL", "RenderSystems\GL\scripts\RenderSystem_GL.vcproj", "{4FCE5A80-E8AC-448E-AAA0-B1A35AB9551B}"
EndProject
Project("{8BC9CEB8-8B4A-11D0-8D11-00A0C91BC942}") = "Demo_Water", "Samples\Water\scripts\Demo_Water.vcproj", "{EDD4B978-5ABA-448B-8DA7-A02F99714D66}"
EndProject
Project("{8BC9CEB8-8B4A-11D0-8D11-00A0C91BC942}") = "ReferenceAppLayer", "ReferenceApplication\ReferenceAppLayer\scripts\ReferenceAppLayer.vcproj", "{80DECC17-BDDD-4412-8CF8-F7C1C17A7436}"
EndProject
Project("{8BC9CEB8-8B4A-11D0-8D11-00A0C91BC942}") = "Demo_BspCollision", "ReferenceApplication\BspCollision\scripts\BspCollision.vcproj", "{EDD4B978-5ABA-448B-8DA7-A02F99714D66}"
EndProject
Project("{8BC9CEB8-8B4A-11D0-8D11-00A0C91BC942}") = "Demo_CubeMapping", "Samples\CubeMapping\scripts\Demo_CubeMapping.vcproj", "{EDD4B978-5ABA-448B-8DA7-A02F99714D66}"
EndProject
Project("{8BC9CEB8-8B4A-11D0-8D11-00A0C91BC942}") = "Demo_Dot3Bump", "Samples\Dot3Bump\scripts\Demo_Dot3Bump.vcproj", "{EDD4B978-5ABA-448B-8DA7-A02F99714D66}"
EndProject
Project("{8BC9CEB8-8B4A-11D0-8D11-00A0C91BC942}") = "MeshUpgrader", "Tools\MeshUpgrader\scripts\MeshUpgrader.vcproj", "{B4FB6BCF-FA5A-42C2-9FA5-F1653B95ADE3}"
EndProject
Project("{8BC9CEB8-8B4A-11D0-8D11-00A0C91BC942}") = "Demo_Smoke", "Samples\Smoke\scripts\Demo_Smoke.vcproj", "{EDD4B978-5ABA-448B-8DA7-A02F99714D66}"
EndProject
Project("{8BC9CEB8-8B4A-11D0-8D11-00A0C91BC942}") = "MaterialUpgrader", "Tools\MaterialUpgrader\scripts\MaterialUpgrader.vcproj", "{B4FB6BCF-FA5A-42C2-9FA5-F1653B95ADE3}"
EndProject
Project("{8BC9CEB8-8B4A-11D0-8D11-00A0C91BC942}") = "Plugin_CgProgramManager", "PlugIns\CgProgramManager\scripts\Plugin_CgProgramManager.vcproj", "{80DECC17-BDDD-4412-8CF8-F7C1C17A7436}"
EndProject
Project("{8BC9CEB8-8B4A-11D0-8D11-00A0C91BC942}") = "Demo_CelShading", "Samples\CelShading\scripts\Demo_CelShading.vcproj", "{EDD4B978-5ABA-448B-8DA7-A02F99714D66}"
EndProject
Project("{8BC9CEB8-8B4A-11D0-8D11-00A0C91BC942}") = "Demo_TechDemo", "Samples\TechDemo\scripts\Demo_TechDemo.vcproj", "{EDD4B978-5ABA-448B-8DA7-A02F99714D66}"
EndProject
Project("{8BC9CEB8-8B4A-11D0-8D11-00A0C91BC942}") = "Demo_Fresnel", "Samples\Fresnel\scripts\Demo_Fresnel.vcproj", "{EDD4B978-5ABA-448B-8DA7-A02F99714D66}"
EndProject
Global
	GlobalSection(SolutionConfiguration) = preSolution
		ConfigName.0 = Debug
		ConfigName.1 = Release
	EndGlobalSection
	GlobalSection(ProjectDependencies) = postSolution
		{4464818A-0254-4EE1-AD81-154C399BBE54}.0 = {35AFBABB-DF05-43DE-91A7-BB828A874015}
		{4FCE5A80-E8AC-448E-AAA0-B1A35AB9551B}.0 = {35AFBABB-DF05-43DE-91A7-BB828A874015}
		{EDD4B978-5ABA-448B-8DA7-A02F99714D66}.0 = {4FCE5A80-E8AC-448E-AAA0-B1A35AB9551B}
		{EDD4B978-5ABA-448B-8DA7-A02F99714D66}.1 = {0F172B9C-E5D5-4EB1-BFDB-93D787A37461}
		{EDD4B978-5ABA-448B-8DA7-A02F99714D66}.2 = {4FCE5A80-E8AC-448E-AAA0-B1A35AB9551B}
		{EDD4B978-5ABA-448B-8DA7-A02F99714D66}.3 = {3AD3E5EF-0CC8-4A69-9827-7D42C270007F}
		{EDD4B978-5ABA-448B-8DA7-A02F99714D66}.4 = {80DECC17-BDDD-4412-8CF8-F7C1C17A7436}
		{EDD4B978-5ABA-448B-8DA7-A02F99714D66}.5 = {9D5F0157-CC6C-465B-89E8-48A699A6299A}
		{EDD4B978-5ABA-448B-8DA7-A02F99714D66}.6 = {3AD3E5EF-0CC8-4A69-9827-7D42C270007F}
		{EDD4B978-5ABA-448B-8DA7-A02F99714D66}.7 = {3AD3E5EF-0CC8-4A69-9827-7D42C270007F}
		{EDD4B978-5ABA-448B-8DA7-A02F99714D66}.8 = {80DECC17-BDDD-4412-8CF8-F7C1C17A7436}
		{EDD4B978-5ABA-448B-8DA7-A02F99714D66}.9 = {80DECC17-BDDD-4412-8CF8-F7C1C17A7436}
		{EDD4B978-5ABA-448B-8DA7-A02F99714D66}.10 = {4464818A-0254-4EE1-AD81-154C399BBE54}
		{EDD4B978-5ABA-448B-8DA7-A02F99714D66}.11 = {35AFBABB-DF05-43DE-91A7-BB828A874015}
		{EDD4B978-5ABA-448B-8DA7-A02F99714D66}.0 = {4FCE5A80-E8AC-448E-AAA0-B1A35AB9551B}
		{EDD4B978-5ABA-448B-8DA7-A02F99714D66}.1 = {0F172B9C-E5D5-4EB1-BFDB-93D787A37461}
		{EDD4B978-5ABA-448B-8DA7-A02F99714D66}.2 = {4FCE5A80-E8AC-448E-AAA0-B1A35AB9551B}
		{EDD4B978-5ABA-448B-8DA7-A02F99714D66}.3 = {3AD3E5EF-0CC8-4A69-9827-7D42C270007F}
		{EDD4B978-5ABA-448B-8DA7-A02F99714D66}.4 = {80DECC17-BDDD-4412-8CF8-F7C1C17A7436}
		{EDD4B978-5ABA-448B-8DA7-A02F99714D66}.5 = {9D5F0157-CC6C-465B-89E8-48A699A6299A}
		{EDD4B978-5ABA-448B-8DA7-A02F99714D66}.6 = {3AD3E5EF-0CC8-4A69-9827-7D42C270007F}
		{EDD4B978-5ABA-448B-8DA7-A02F99714D66}.7 = {3AD3E5EF-0CC8-4A69-9827-7D42C270007F}
		{EDD4B978-5ABA-448B-8DA7-A02F99714D66}.8 = {80DECC17-BDDD-4412-8CF8-F7C1C17A7436}
		{EDD4B978-5ABA-448B-8DA7-A02F99714D66}.9 = {80DECC17-BDDD-4412-8CF8-F7C1C17A7436}
		{EDD4B978-5ABA-448B-8DA7-A02F99714D66}.10 = {4464818A-0254-4EE1-AD81-154C399BBE54}
		{EDD4B978-5ABA-448B-8DA7-A02F99714D66}.11 = {35AFBABB-DF05-43DE-91A7-BB828A874015}
		{3AD3E5EF-0CC8-4A69-9827-7D42C270007F}.0 = {35AFBABB-DF05-43DE-91A7-BB828A874015}
		{3AD3E5EF-0CC8-4A69-9827-7D42C270007F}.0 = {35AFBABB-DF05-43DE-91A7-BB828A874015}
		{EDD4B978-5ABA-448B-8DA7-A02F99714D66}.0 = {4FCE5A80-E8AC-448E-AAA0-B1A35AB9551B}
		{EDD4B978-5ABA-448B-8DA7-A02F99714D66}.1 = {0F172B9C-E5D5-4EB1-BFDB-93D787A37461}
		{EDD4B978-5ABA-448B-8DA7-A02F99714D66}.2 = {4FCE5A80-E8AC-448E-AAA0-B1A35AB9551B}
		{EDD4B978-5ABA-448B-8DA7-A02F99714D66}.3 = {3AD3E5EF-0CC8-4A69-9827-7D42C270007F}
		{EDD4B978-5ABA-448B-8DA7-A02F99714D66}.4 = {80DECC17-BDDD-4412-8CF8-F7C1C17A7436}
		{EDD4B978-5ABA-448B-8DA7-A02F99714D66}.5 = {9D5F0157-CC6C-465B-89E8-48A699A6299A}
		{EDD4B978-5ABA-448B-8DA7-A02F99714D66}.6 = {3AD3E5EF-0CC8-4A69-9827-7D42C270007F}
		{EDD4B978-5ABA-448B-8DA7-A02F99714D66}.7 = {3AD3E5EF-0CC8-4A69-9827-7D42C270007F}
		{EDD4B978-5ABA-448B-8DA7-A02F99714D66}.8 = {80DECC17-BDDD-4412-8CF8-F7C1C17A7436}
		{EDD4B978-5ABA-448B-8DA7-A02F99714D66}.9 = {80DECC17-BDDD-4412-8CF8-F7C1C17A7436}
		{EDD4B978-5ABA-448B-8DA7-A02F99714D66}.10 = {4464818A-0254-4EE1-AD81-154C399BBE54}
		{EDD4B978-5ABA-448B-8DA7-A02F99714D66}.11 = {35AFBABB-DF05-43DE-91A7-BB828A874015}
		{EDD4B978-5ABA-448B-8DA7-A02F99714D66}.0 = {4FCE5A80-E8AC-448E-AAA0-B1A35AB9551B}
		{EDD4B978-5ABA-448B-8DA7-A02F99714D66}.1 = {0F172B9C-E5D5-4EB1-BFDB-93D787A37461}
		{EDD4B978-5ABA-448B-8DA7-A02F99714D66}.2 = {4FCE5A80-E8AC-448E-AAA0-B1A35AB9551B}
		{EDD4B978-5ABA-448B-8DA7-A02F99714D66}.3 = {3AD3E5EF-0CC8-4A69-9827-7D42C270007F}
		{EDD4B978-5ABA-448B-8DA7-A02F99714D66}.4 = {80DECC17-BDDD-4412-8CF8-F7C1C17A7436}
		{EDD4B978-5ABA-448B-8DA7-A02F99714D66}.5 = {9D5F0157-CC6C-465B-89E8-48A699A6299A}
		{EDD4B978-5ABA-448B-8DA7-A02F99714D66}.6 = {3AD3E5EF-0CC8-4A69-9827-7D42C270007F}
		{EDD4B978-5ABA-448B-8DA7-A02F99714D66}.7 = {3AD3E5EF-0CC8-4A69-9827-7D42C270007F}
		{EDD4B978-5ABA-448B-8DA7-A02F99714D66}.8 = {80DECC17-BDDD-4412-8CF8-F7C1C17A7436}
		{EDD4B978-5ABA-448B-8DA7-A02F99714D66}.9 = {80DECC17-BDDD-4412-8CF8-F7C1C17A7436}
		{EDD4B978-5ABA-448B-8DA7-A02F99714D66}.10 = {4464818A-0254-4EE1-AD81-154C399BBE54}
		{EDD4B978-5ABA-448B-8DA7-A02F99714D66}.11 = {35AFBABB-DF05-43DE-91A7-BB828A874015}
		{EDD4B978-5ABA-448B-8DA7-A02F99714D66}.0 = {4FCE5A80-E8AC-448E-AAA0-B1A35AB9551B}
		{EDD4B978-5ABA-448B-8DA7-A02F99714D66}.1 = {0F172B9C-E5D5-4EB1-BFDB-93D787A37461}
		{EDD4B978-5ABA-448B-8DA7-A02F99714D66}.2 = {4FCE5A80-E8AC-448E-AAA0-B1A35AB9551B}
		{EDD4B978-5ABA-448B-8DA7-A02F99714D66}.3 = {3AD3E5EF-0CC8-4A69-9827-7D42C270007F}
		{EDD4B978-5ABA-448B-8DA7-A02F99714D66}.4 = {80DECC17-BDDD-4412-8CF8-F7C1C17A7436}
		{EDD4B978-5ABA-448B-8DA7-A02F99714D66}.5 = {9D5F0157-CC6C-465B-89E8-48A699A6299A}
		{EDD4B978-5ABA-448B-8DA7-A02F99714D66}.6 = {3AD3E5EF-0CC8-4A69-9827-7D42C270007F}
		{EDD4B978-5ABA-448B-8DA7-A02F99714D66}.7 = {3AD3E5EF-0CC8-4A69-9827-7D42C270007F}
		{EDD4B978-5ABA-448B-8DA7-A02F99714D66}.8 = {80DECC17-BDDD-4412-8CF8-F7C1C17A7436}
		{EDD4B978-5ABA-448B-8DA7-A02F99714D66}.9 = {80DECC17-BDDD-4412-8CF8-F7C1C17A7436}
		{EDD4B978-5ABA-448B-8DA7-A02F99714D66}.10 = {4464818A-0254-4EE1-AD81-154C399BBE54}
		{EDD4B978-5ABA-448B-8DA7-A02F99714D66}.11 = {35AFBABB-DF05-43DE-91A7-BB828A874015}
		{EDD4B978-5ABA-448B-8DA7-A02F99714D66}.0 = {4FCE5A80-E8AC-448E-AAA0-B1A35AB9551B}
		{EDD4B978-5ABA-448B-8DA7-A02F99714D66}.1 = {0F172B9C-E5D5-4EB1-BFDB-93D787A37461}
		{EDD4B978-5ABA-448B-8DA7-A02F99714D66}.2 = {4FCE5A80-E8AC-448E-AAA0-B1A35AB9551B}
		{EDD4B978-5ABA-448B-8DA7-A02F99714D66}.3 = {3AD3E5EF-0CC8-4A69-9827-7D42C270007F}
		{EDD4B978-5ABA-448B-8DA7-A02F99714D66}.4 = {80DECC17-BDDD-4412-8CF8-F7C1C17A7436}
		{EDD4B978-5ABA-448B-8DA7-A02F99714D66}.5 = {9D5F0157-CC6C-465B-89E8-48A699A6299A}
		{EDD4B978-5ABA-448B-8DA7-A02F99714D66}.6 = {3AD3E5EF-0CC8-4A69-9827-7D42C270007F}
		{EDD4B978-5ABA-448B-8DA7-A02F99714D66}.7 = {3AD3E5EF-0CC8-4A69-9827-7D42C270007F}
		{EDD4B978-5ABA-448B-8DA7-A02F99714D66}.8 = {80DECC17-BDDD-4412-8CF8-F7C1C17A7436}
		{EDD4B978-5ABA-448B-8DA7-A02F99714D66}.9 = {80DECC17-BDDD-4412-8CF8-F7C1C17A7436}
		{EDD4B978-5ABA-448B-8DA7-A02F99714D66}.10 = {4464818A-0254-4EE1-AD81-154C399BBE54}
		{EDD4B978-5ABA-448B-8DA7-A02F99714D66}.11 = {35AFBABB-DF05-43DE-91A7-BB828A874015}
		{EDD4B978-5ABA-448B-8DA7-A02F99714D66}.0 = {4FCE5A80-E8AC-448E-AAA0-B1A35AB9551B}
		{EDD4B978-5ABA-448B-8DA7-A02F99714D66}.1 = {0F172B9C-E5D5-4EB1-BFDB-93D787A37461}
		{EDD4B978-5ABA-448B-8DA7-A02F99714D66}.2 = {4FCE5A80-E8AC-448E-AAA0-B1A35AB9551B}
		{EDD4B978-5ABA-448B-8DA7-A02F99714D66}.3 = {3AD3E5EF-0CC8-4A69-9827-7D42C270007F}
		{EDD4B978-5ABA-448B-8DA7-A02F99714D66}.4 = {80DECC17-BDDD-4412-8CF8-F7C1C17A7436}
		{EDD4B978-5ABA-448B-8DA7-A02F99714D66}.5 = {9D5F0157-CC6C-465B-89E8-48A699A6299A}
		{EDD4B978-5ABA-448B-8DA7-A02F99714D66}.6 = {3AD3E5EF-0CC8-4A69-9827-7D42C270007F}
		{EDD4B978-5ABA-448B-8DA7-A02F99714D66}.7 = {3AD3E5EF-0CC8-4A69-9827-7D42C270007F}
		{EDD4B978-5ABA-448B-8DA7-A02F99714D66}.8 = {80DECC17-BDDD-4412-8CF8-F7C1C17A7436}
		{EDD4B978-5ABA-448B-8DA7-A02F99714D66}.9 = {80DECC17-BDDD-4412-8CF8-F7C1C17A7436}
		{EDD4B978-5ABA-448B-8DA7-A02F99714D66}.10 = {4464818A-0254-4EE1-AD81-154C399BBE54}
		{EDD4B978-5ABA-448B-8DA7-A02F99714D66}.11 = {35AFBABB-DF05-43DE-91A7-BB828A874015}
		{EDD4B978-5ABA-448B-8DA7-A02F99714D66}.0 = {4FCE5A80-E8AC-448E-AAA0-B1A35AB9551B}
		{EDD4B978-5ABA-448B-8DA7-A02F99714D66}.1 = {0F172B9C-E5D5-4EB1-BFDB-93D787A37461}
		{EDD4B978-5ABA-448B-8DA7-A02F99714D66}.2 = {4FCE5A80-E8AC-448E-AAA0-B1A35AB9551B}
		{EDD4B978-5ABA-448B-8DA7-A02F99714D66}.3 = {3AD3E5EF-0CC8-4A69-9827-7D42C270007F}
		{EDD4B978-5ABA-448B-8DA7-A02F99714D66}.4 = {80DECC17-BDDD-4412-8CF8-F7C1C17A7436}
		{EDD4B978-5ABA-448B-8DA7-A02F99714D66}.5 = {9D5F0157-CC6C-465B-89E8-48A699A6299A}
		{EDD4B978-5ABA-448B-8DA7-A02F99714D66}.6 = {3AD3E5EF-0CC8-4A69-9827-7D42C270007F}
		{EDD4B978-5ABA-448B-8DA7-A02F99714D66}.7 = {3AD3E5EF-0CC8-4A69-9827-7D42C270007F}
		{EDD4B978-5ABA-448B-8DA7-A02F99714D66}.8 = {80DECC17-BDDD-4412-8CF8-F7C1C17A7436}
		{EDD4B978-5ABA-448B-8DA7-A02F99714D66}.9 = {80DECC17-BDDD-4412-8CF8-F7C1C17A7436}
		{EDD4B978-5ABA-448B-8DA7-A02F99714D66}.10 = {4464818A-0254-4EE1-AD81-154C399BBE54}
		{EDD4B978-5ABA-448B-8DA7-A02F99714D66}.11 = {35AFBABB-DF05-43DE-91A7-BB828A874015}
		{EDD4B978-5ABA-448B-8DA7-A02F99714D66}.0 = {4FCE5A80-E8AC-448E-AAA0-B1A35AB9551B}
		{EDD4B978-5ABA-448B-8DA7-A02F99714D66}.1 = {0F172B9C-E5D5-4EB1-BFDB-93D787A37461}
		{EDD4B978-5ABA-448B-8DA7-A02F99714D66}.2 = {4FCE5A80-E8AC-448E-AAA0-B1A35AB9551B}
		{EDD4B978-5ABA-448B-8DA7-A02F99714D66}.3 = {3AD3E5EF-0CC8-4A69-9827-7D42C270007F}
		{EDD4B978-5ABA-448B-8DA7-A02F99714D66}.4 = {80DECC17-BDDD-4412-8CF8-F7C1C17A7436}
		{EDD4B978-5ABA-448B-8DA7-A02F99714D66}.5 = {9D5F0157-CC6C-465B-89E8-48A699A6299A}
		{EDD4B978-5ABA-448B-8DA7-A02F99714D66}.6 = {3AD3E5EF-0CC8-4A69-9827-7D42C270007F}
		{EDD4B978-5ABA-448B-8DA7-A02F99714D66}.7 = {3AD3E5EF-0CC8-4A69-9827-7D42C270007F}
		{EDD4B978-5ABA-448B-8DA7-A02F99714D66}.8 = {80DECC17-BDDD-4412-8CF8-F7C1C17A7436}
		{EDD4B978-5ABA-448B-8DA7-A02F99714D66}.9 = {80DECC17-BDDD-4412-8CF8-F7C1C17A7436}
		{EDD4B978-5ABA-448B-8DA7-A02F99714D66}.10 = {4464818A-0254-4EE1-AD81-154C399BBE54}
		{EDD4B978-5ABA-448B-8DA7-A02F99714D66}.11 = {35AFBABB-DF05-43DE-91A7-BB828A874015}
		{EDD4B978-5ABA-448B-8DA7-A02F99714D66}.0 = {4FCE5A80-E8AC-448E-AAA0-B1A35AB9551B}
		{EDD4B978-5ABA-448B-8DA7-A02F99714D66}.1 = {0F172B9C-E5D5-4EB1-BFDB-93D787A37461}
		{EDD4B978-5ABA-448B-8DA7-A02F99714D66}.2 = {4FCE5A80-E8AC-448E-AAA0-B1A35AB9551B}
		{EDD4B978-5ABA-448B-8DA7-A02F99714D66}.3 = {3AD3E5EF-0CC8-4A69-9827-7D42C270007F}
		{EDD4B978-5ABA-448B-8DA7-A02F99714D66}.4 = {80DECC17-BDDD-4412-8CF8-F7C1C17A7436}
		{EDD4B978-5ABA-448B-8DA7-A02F99714D66}.5 = {9D5F0157-CC6C-465B-89E8-48A699A6299A}
		{EDD4B978-5ABA-448B-8DA7-A02F99714D66}.6 = {3AD3E5EF-0CC8-4A69-9827-7D42C270007F}
		{EDD4B978-5ABA-448B-8DA7-A02F99714D66}.7 = {3AD3E5EF-0CC8-4A69-9827-7D42C270007F}
		{EDD4B978-5ABA-448B-8DA7-A02F99714D66}.8 = {80DECC17-BDDD-4412-8CF8-F7C1C17A7436}
		{EDD4B978-5ABA-448B-8DA7-A02F99714D66}.9 = {80DECC17-BDDD-4412-8CF8-F7C1C17A7436}
		{EDD4B978-5ABA-448B-8DA7-A02F99714D66}.10 = {4464818A-0254-4EE1-AD81-154C399BBE54}
		{EDD4B978-5ABA-448B-8DA7-A02F99714D66}.11 = {35AFBABB-DF05-43DE-91A7-BB828A874015}
		{80DECC17-BDDD-4412-8CF8-F7C1C17A7436}.0 = {35AFBABB-DF05-43DE-91A7-BB828A874015}
		{D4929E45-2A25-4F53-96A1-E1BCD91D9B6A}.0 = {35AFBABB-DF05-43DE-91A7-BB828A874015}
		{EDD4B978-5ABA-448B-8DA7-A02F99714D66}.0 = {4FCE5A80-E8AC-448E-AAA0-B1A35AB9551B}
		{EDD4B978-5ABA-448B-8DA7-A02F99714D66}.1 = {0F172B9C-E5D5-4EB1-BFDB-93D787A37461}
		{EDD4B978-5ABA-448B-8DA7-A02F99714D66}.2 = {4FCE5A80-E8AC-448E-AAA0-B1A35AB9551B}
		{EDD4B978-5ABA-448B-8DA7-A02F99714D66}.3 = {3AD3E5EF-0CC8-4A69-9827-7D42C270007F}
		{EDD4B978-5ABA-448B-8DA7-A02F99714D66}.4 = {80DECC17-BDDD-4412-8CF8-F7C1C17A7436}
		{EDD4B978-5ABA-448B-8DA7-A02F99714D66}.5 = {9D5F0157-CC6C-465B-89E8-48A699A6299A}
		{EDD4B978-5ABA-448B-8DA7-A02F99714D66}.6 = {3AD3E5EF-0CC8-4A69-9827-7D42C270007F}
		{EDD4B978-5ABA-448B-8DA7-A02F99714D66}.7 = {3AD3E5EF-0CC8-4A69-9827-7D42C270007F}
		{EDD4B978-5ABA-448B-8DA7-A02F99714D66}.8 = {80DECC17-BDDD-4412-8CF8-F7C1C17A7436}
		{EDD4B978-5ABA-448B-8DA7-A02F99714D66}.9 = {80DECC17-BDDD-4412-8CF8-F7C1C17A7436}
		{EDD4B978-5ABA-448B-8DA7-A02F99714D66}.10 = {4464818A-0254-4EE1-AD81-154C399BBE54}
		{EDD4B978-5ABA-448B-8DA7-A02F99714D66}.11 = {35AFBABB-DF05-43DE-91A7-BB828A874015}
		{B4FB6BCF-FA5A-42C2-9FA5-F1653B95ADE3}.0 = {35AFBABB-DF05-43DE-91A7-BB828A874015}
		{80DECC17-BDDD-4412-8CF8-F7C1C17A7436}.0 = {35AFBABB-DF05-43DE-91A7-BB828A874015}
		{3AD3E5EF-0CC8-4A69-9827-7D42C270007F}.0 = {35AFBABB-DF05-43DE-91A7-BB828A874015}
		{EDD4B978-5ABA-448B-8DA7-A02F99714D66}.0 = {4FCE5A80-E8AC-448E-AAA0-B1A35AB9551B}
		{EDD4B978-5ABA-448B-8DA7-A02F99714D66}.1 = {0F172B9C-E5D5-4EB1-BFDB-93D787A37461}
		{EDD4B978-5ABA-448B-8DA7-A02F99714D66}.2 = {4FCE5A80-E8AC-448E-AAA0-B1A35AB9551B}
		{EDD4B978-5ABA-448B-8DA7-A02F99714D66}.3 = {3AD3E5EF-0CC8-4A69-9827-7D42C270007F}
		{EDD4B978-5ABA-448B-8DA7-A02F99714D66}.4 = {80DECC17-BDDD-4412-8CF8-F7C1C17A7436}
		{EDD4B978-5ABA-448B-8DA7-A02F99714D66}.5 = {9D5F0157-CC6C-465B-89E8-48A699A6299A}
		{EDD4B978-5ABA-448B-8DA7-A02F99714D66}.6 = {3AD3E5EF-0CC8-4A69-9827-7D42C270007F}
		{EDD4B978-5ABA-448B-8DA7-A02F99714D66}.7 = {3AD3E5EF-0CC8-4A69-9827-7D42C270007F}
		{EDD4B978-5ABA-448B-8DA7-A02F99714D66}.8 = {80DECC17-BDDD-4412-8CF8-F7C1C17A7436}
		{EDD4B978-5ABA-448B-8DA7-A02F99714D66}.9 = {80DECC17-BDDD-4412-8CF8-F7C1C17A7436}
		{EDD4B978-5ABA-448B-8DA7-A02F99714D66}.10 = {4464818A-0254-4EE1-AD81-154C399BBE54}
		{EDD4B978-5ABA-448B-8DA7-A02F99714D66}.11 = {35AFBABB-DF05-43DE-91A7-BB828A874015}
		{EDD4B978-5ABA-448B-8DA7-A02F99714D66}.0 = {4FCE5A80-E8AC-448E-AAA0-B1A35AB9551B}
		{EDD4B978-5ABA-448B-8DA7-A02F99714D66}.1 = {0F172B9C-E5D5-4EB1-BFDB-93D787A37461}
		{EDD4B978-5ABA-448B-8DA7-A02F99714D66}.2 = {4FCE5A80-E8AC-448E-AAA0-B1A35AB9551B}
		{EDD4B978-5ABA-448B-8DA7-A02F99714D66}.3 = {3AD3E5EF-0CC8-4A69-9827-7D42C270007F}
		{EDD4B978-5ABA-448B-8DA7-A02F99714D66}.4 = {80DECC17-BDDD-4412-8CF8-F7C1C17A7436}
		{EDD4B978-5ABA-448B-8DA7-A02F99714D66}.5 = {9D5F0157-CC6C-465B-89E8-48A699A6299A}
		{EDD4B978-5ABA-448B-8DA7-A02F99714D66}.6 = {3AD3E5EF-0CC8-4A69-9827-7D42C270007F}
		{EDD4B978-5ABA-448B-8DA7-A02F99714D66}.7 = {3AD3E5EF-0CC8-4A69-9827-7D42C270007F}
		{EDD4B978-5ABA-448B-8DA7-A02F99714D66}.8 = {80DECC17-BDDD-4412-8CF8-F7C1C17A7436}
		{EDD4B978-5ABA-448B-8DA7-A02F99714D66}.9 = {80DECC17-BDDD-4412-8CF8-F7C1C17A7436}
		{EDD4B978-5ABA-448B-8DA7-A02F99714D66}.10 = {4464818A-0254-4EE1-AD81-154C399BBE54}
		{EDD4B978-5ABA-448B-8DA7-A02F99714D66}.11 = {35AFBABB-DF05-43DE-91A7-BB828A874015}
		{EDD4B978-5ABA-448B-8DA7-A02F99714D66}.0 = {4FCE5A80-E8AC-448E-AAA0-B1A35AB9551B}
		{EDD4B978-5ABA-448B-8DA7-A02F99714D66}.1 = {0F172B9C-E5D5-4EB1-BFDB-93D787A37461}
		{EDD4B978-5ABA-448B-8DA7-A02F99714D66}.2 = {4FCE5A80-E8AC-448E-AAA0-B1A35AB9551B}
		{EDD4B978-5ABA-448B-8DA7-A02F99714D66}.3 = {3AD3E5EF-0CC8-4A69-9827-7D42C270007F}
		{EDD4B978-5ABA-448B-8DA7-A02F99714D66}.4 = {80DECC17-BDDD-4412-8CF8-F7C1C17A7436}
		{EDD4B978-5ABA-448B-8DA7-A02F99714D66}.5 = {9D5F0157-CC6C-465B-89E8-48A699A6299A}
		{EDD4B978-5ABA-448B-8DA7-A02F99714D66}.6 = {3AD3E5EF-0CC8-4A69-9827-7D42C270007F}
		{EDD4B978-5ABA-448B-8DA7-A02F99714D66}.7 = {3AD3E5EF-0CC8-4A69-9827-7D42C270007F}
		{EDD4B978-5ABA-448B-8DA7-A02F99714D66}.8 = {80DECC17-BDDD-4412-8CF8-F7C1C17A7436}
		{EDD4B978-5ABA-448B-8DA7-A02F99714D66}.9 = {80DECC17-BDDD-4412-8CF8-F7C1C17A7436}
		{EDD4B978-5ABA-448B-8DA7-A02F99714D66}.10 = {4464818A-0254-4EE1-AD81-154C399BBE54}
		{EDD4B978-5ABA-448B-8DA7-A02F99714D66}.11 = {35AFBABB-DF05-43DE-91A7-BB828A874015}
		{EDD4B978-5ABA-448B-8DA7-A02F99714D66}.0 = {4FCE5A80-E8AC-448E-AAA0-B1A35AB9551B}
		{EDD4B978-5ABA-448B-8DA7-A02F99714D66}.1 = {0F172B9C-E5D5-4EB1-BFDB-93D787A37461}
		{EDD4B978-5ABA-448B-8DA7-A02F99714D66}.2 = {4FCE5A80-E8AC-448E-AAA0-B1A35AB9551B}
		{EDD4B978-5ABA-448B-8DA7-A02F99714D66}.3 = {3AD3E5EF-0CC8-4A69-9827-7D42C270007F}
		{EDD4B978-5ABA-448B-8DA7-A02F99714D66}.4 = {80DECC17-BDDD-4412-8CF8-F7C1C17A7436}
		{EDD4B978-5ABA-448B-8DA7-A02F99714D66}.5 = {9D5F0157-CC6C-465B-89E8-48A699A6299A}
		{EDD4B978-5ABA-448B-8DA7-A02F99714D66}.6 = {3AD3E5EF-0CC8-4A69-9827-7D42C270007F}
		{EDD4B978-5ABA-448B-8DA7-A02F99714D66}.7 = {3AD3E5EF-0CC8-4A69-9827-7D42C270007F}
		{EDD4B978-5ABA-448B-8DA7-A02F99714D66}.8 = {80DECC17-BDDD-4412-8CF8-F7C1C17A7436}
		{EDD4B978-5ABA-448B-8DA7-A02F99714D66}.9 = {80DECC17-BDDD-4412-8CF8-F7C1C17A7436}
		{EDD4B978-5ABA-448B-8DA7-A02F99714D66}.10 = {4464818A-0254-4EE1-AD81-154C399BBE54}
		{EDD4B978-5ABA-448B-8DA7-A02F99714D66}.11 = {35AFBABB-DF05-43DE-91A7-BB828A874015}
		{9D5F0157-CC6C-465B-89E8-48A699A6299A}.0 = {35AFBABB-DF05-43DE-91A7-BB828A874015}
		{0F172B9C-E5D5-4EB1-BFDB-93D787A37461}.0 = {35AFBABB-DF05-43DE-91A7-BB828A874015}
		{A5DF6866-2C4A-4A55-8981-7D819F3DAE4C}.0 = {35AFBABB-DF05-43DE-91A7-BB828A874015}
		{A5DF6866-2C4A-4A55-8981-7D819F3DAE4C}.1 = {4464818A-0254-4EE1-AD81-154C399BBE54}
		{4FCE5A80-E8AC-448E-AAA0-B1A35AB9551B}.0 = {35AFBABB-DF05-43DE-91A7-BB828A874015}
		{EDD4B978-5ABA-448B-8DA7-A02F99714D66}.0 = {4FCE5A80-E8AC-448E-AAA0-B1A35AB9551B}
		{EDD4B978-5ABA-448B-8DA7-A02F99714D66}.1 = {0F172B9C-E5D5-4EB1-BFDB-93D787A37461}
		{EDD4B978-5ABA-448B-8DA7-A02F99714D66}.2 = {4FCE5A80-E8AC-448E-AAA0-B1A35AB9551B}
		{EDD4B978-5ABA-448B-8DA7-A02F99714D66}.3 = {3AD3E5EF-0CC8-4A69-9827-7D42C270007F}
		{EDD4B978-5ABA-448B-8DA7-A02F99714D66}.4 = {80DECC17-BDDD-4412-8CF8-F7C1C17A7436}
		{EDD4B978-5ABA-448B-8DA7-A02F99714D66}.5 = {9D5F0157-CC6C-465B-89E8-48A699A6299A}
		{EDD4B978-5ABA-448B-8DA7-A02F99714D66}.6 = {3AD3E5EF-0CC8-4A69-9827-7D42C270007F}
		{EDD4B978-5ABA-448B-8DA7-A02F99714D66}.7 = {3AD3E5EF-0CC8-4A69-9827-7D42C270007F}
		{EDD4B978-5ABA-448B-8DA7-A02F99714D66}.8 = {80DECC17-BDDD-4412-8CF8-F7C1C17A7436}
		{EDD4B978-5ABA-448B-8DA7-A02F99714D66}.9 = {80DECC17-BDDD-4412-8CF8-F7C1C17A7436}
		{EDD4B978-5ABA-448B-8DA7-A02F99714D66}.10 = {4464818A-0254-4EE1-AD81-154C399BBE54}
		{EDD4B978-5ABA-448B-8DA7-A02F99714D66}.11 = {35AFBABB-DF05-43DE-91A7-BB828A874015}
		{80DECC17-BDDD-4412-8CF8-F7C1C17A7436}.0 = {35AFBABB-DF05-43DE-91A7-BB828A874015}
		{EDD4B978-5ABA-448B-8DA7-A02F99714D66}.0 = {35AFBABB-DF05-43DE-91A7-BB828A874015}
		{EDD4B978-5ABA-448B-8DA7-A02F99714D66}.1 = {80DECC17-BDDD-4412-8CF8-F7C1C17A7436}
		{EDD4B978-5ABA-448B-8DA7-A02F99714D66}.2 = {4FCE5A80-E8AC-448E-AAA0-B1A35AB9551B}
		{EDD4B978-5ABA-448B-8DA7-A02F99714D66}.3 = {0F172B9C-E5D5-4EB1-BFDB-93D787A37461}
		{EDD4B978-5ABA-448B-8DA7-A02F99714D66}.4 = {4FCE5A80-E8AC-448E-AAA0-B1A35AB9551B}
		{EDD4B978-5ABA-448B-8DA7-A02F99714D66}.5 = {3AD3E5EF-0CC8-4A69-9827-7D42C270007F}
		{EDD4B978-5ABA-448B-8DA7-A02F99714D66}.6 = {80DECC17-BDDD-4412-8CF8-F7C1C17A7436}
		{EDD4B978-5ABA-448B-8DA7-A02F99714D66}.7 = {9D5F0157-CC6C-465B-89E8-48A699A6299A}
		{EDD4B978-5ABA-448B-8DA7-A02F99714D66}.8 = {3AD3E5EF-0CC8-4A69-9827-7D42C270007F}
		{EDD4B978-5ABA-448B-8DA7-A02F99714D66}.9 = {3AD3E5EF-0CC8-4A69-9827-7D42C270007F}
		{EDD4B978-5ABA-448B-8DA7-A02F99714D66}.10 = {80DECC17-BDDD-4412-8CF8-F7C1C17A7436}
		{EDD4B978-5ABA-448B-8DA7-A02F99714D66}.11 = {80DECC17-BDDD-4412-8CF8-F7C1C17A7436}
		{EDD4B978-5ABA-448B-8DA7-A02F99714D66}.12 = {4464818A-0254-4EE1-AD81-154C399BBE54}
		{EDD4B978-5ABA-448B-8DA7-A02F99714D66}.0 = {4FCE5A80-E8AC-448E-AAA0-B1A35AB9551B}
		{EDD4B978-5ABA-448B-8DA7-A02F99714D66}.1 = {0F172B9C-E5D5-4EB1-BFDB-93D787A37461}
		{EDD4B978-5ABA-448B-8DA7-A02F99714D66}.2 = {4FCE5A80-E8AC-448E-AAA0-B1A35AB9551B}
		{EDD4B978-5ABA-448B-8DA7-A02F99714D66}.3 = {3AD3E5EF-0CC8-4A69-9827-7D42C270007F}
		{EDD4B978-5ABA-448B-8DA7-A02F99714D66}.4 = {80DECC17-BDDD-4412-8CF8-F7C1C17A7436}
		{EDD4B978-5ABA-448B-8DA7-A02F99714D66}.5 = {9D5F0157-CC6C-465B-89E8-48A699A6299A}
		{EDD4B978-5ABA-448B-8DA7-A02F99714D66}.6 = {3AD3E5EF-0CC8-4A69-9827-7D42C270007F}
		{EDD4B978-5ABA-448B-8DA7-A02F99714D66}.7 = {3AD3E5EF-0CC8-4A69-9827-7D42C270007F}
		{EDD4B978-5ABA-448B-8DA7-A02F99714D66}.8 = {80DECC17-BDDD-4412-8CF8-F7C1C17A7436}
		{EDD4B978-5ABA-448B-8DA7-A02F99714D66}.9 = {80DECC17-BDDD-4412-8CF8-F7C1C17A7436}
		{EDD4B978-5ABA-448B-8DA7-A02F99714D66}.10 = {4464818A-0254-4EE1-AD81-154C399BBE54}
		{EDD4B978-5ABA-448B-8DA7-A02F99714D66}.11 = {35AFBABB-DF05-43DE-91A7-BB828A874015}
		{EDD4B978-5ABA-448B-8DA7-A02F99714D66}.0 = {4FCE5A80-E8AC-448E-AAA0-B1A35AB9551B}
		{EDD4B978-5ABA-448B-8DA7-A02F99714D66}.1 = {0F172B9C-E5D5-4EB1-BFDB-93D787A37461}
		{EDD4B978-5ABA-448B-8DA7-A02F99714D66}.2 = {4FCE5A80-E8AC-448E-AAA0-B1A35AB9551B}
		{EDD4B978-5ABA-448B-8DA7-A02F99714D66}.3 = {3AD3E5EF-0CC8-4A69-9827-7D42C270007F}
		{EDD4B978-5ABA-448B-8DA7-A02F99714D66}.4 = {80DECC17-BDDD-4412-8CF8-F7C1C17A7436}
		{EDD4B978-5ABA-448B-8DA7-A02F99714D66}.5 = {9D5F0157-CC6C-465B-89E8-48A699A6299A}
		{EDD4B978-5ABA-448B-8DA7-A02F99714D66}.6 = {3AD3E5EF-0CC8-4A69-9827-7D42C270007F}
		{EDD4B978-5ABA-448B-8DA7-A02F99714D66}.7 = {3AD3E5EF-0CC8-4A69-9827-7D42C270007F}
		{EDD4B978-5ABA-448B-8DA7-A02F99714D66}.8 = {80DECC17-BDDD-4412-8CF8-F7C1C17A7436}
		{EDD4B978-5ABA-448B-8DA7-A02F99714D66}.9 = {80DECC17-BDDD-4412-8CF8-F7C1C17A7436}
		{EDD4B978-5ABA-448B-8DA7-A02F99714D66}.10 = {4464818A-0254-4EE1-AD81-154C399BBE54}
		{EDD4B978-5ABA-448B-8DA7-A02F99714D66}.11 = {35AFBABB-DF05-43DE-91A7-BB828A874015}
		{B4FB6BCF-FA5A-42C2-9FA5-F1653B95ADE3}.0 = {35AFBABB-DF05-43DE-91A7-BB828A874015}
		{EDD4B978-5ABA-448B-8DA7-A02F99714D66}.0 = {4FCE5A80-E8AC-448E-AAA0-B1A35AB9551B}
		{EDD4B978-5ABA-448B-8DA7-A02F99714D66}.1 = {0F172B9C-E5D5-4EB1-BFDB-93D787A37461}
		{EDD4B978-5ABA-448B-8DA7-A02F99714D66}.2 = {4FCE5A80-E8AC-448E-AAA0-B1A35AB9551B}
		{EDD4B978-5ABA-448B-8DA7-A02F99714D66}.3 = {3AD3E5EF-0CC8-4A69-9827-7D42C270007F}
		{EDD4B978-5ABA-448B-8DA7-A02F99714D66}.4 = {80DECC17-BDDD-4412-8CF8-F7C1C17A7436}
		{EDD4B978-5ABA-448B-8DA7-A02F99714D66}.5 = {9D5F0157-CC6C-465B-89E8-48A699A6299A}
		{EDD4B978-5ABA-448B-8DA7-A02F99714D66}.6 = {3AD3E5EF-0CC8-4A69-9827-7D42C270007F}
		{EDD4B978-5ABA-448B-8DA7-A02F99714D66}.7 = {3AD3E5EF-0CC8-4A69-9827-7D42C270007F}
		{EDD4B978-5ABA-448B-8DA7-A02F99714D66}.8 = {80DECC17-BDDD-4412-8CF8-F7C1C17A7436}
		{EDD4B978-5ABA-448B-8DA7-A02F99714D66}.9 = {80DECC17-BDDD-4412-8CF8-F7C1C17A7436}
		{EDD4B978-5ABA-448B-8DA7-A02F99714D66}.10 = {4464818A-0254-4EE1-AD81-154C399BBE54}
		{EDD4B978-5ABA-448B-8DA7-A02F99714D66}.11 = {35AFBABB-DF05-43DE-91A7-BB828A874015}
		{B4FB6BCF-FA5A-42C2-9FA5-F1653B95ADE3}.0 = {35AFBABB-DF05-43DE-91A7-BB828A874015}
		{80DECC17-BDDD-4412-8CF8-F7C1C17A7436}.0 = {35AFBABB-DF05-43DE-91A7-BB828A874015}
		{EDD4B978-5ABA-448B-8DA7-A02F99714D66}.0 = {4FCE5A80-E8AC-448E-AAA0-B1A35AB9551B}
		{EDD4B978-5ABA-448B-8DA7-A02F99714D66}.1 = {0F172B9C-E5D5-4EB1-BFDB-93D787A37461}
		{EDD4B978-5ABA-448B-8DA7-A02F99714D66}.2 = {4FCE5A80-E8AC-448E-AAA0-B1A35AB9551B}
		{EDD4B978-5ABA-448B-8DA7-A02F99714D66}.3 = {3AD3E5EF-0CC8-4A69-9827-7D42C270007F}
		{EDD4B978-5ABA-448B-8DA7-A02F99714D66}.4 = {80DECC17-BDDD-4412-8CF8-F7C1C17A7436}
		{EDD4B978-5ABA-448B-8DA7-A02F99714D66}.5 = {9D5F0157-CC6C-465B-89E8-48A699A6299A}
		{EDD4B978-5ABA-448B-8DA7-A02F99714D66}.6 = {3AD3E5EF-0CC8-4A69-9827-7D42C270007F}
		{EDD4B978-5ABA-448B-8DA7-A02F99714D66}.7 = {3AD3E5EF-0CC8-4A69-9827-7D42C270007F}
		{EDD4B978-5ABA-448B-8DA7-A02F99714D66}.8 = {80DECC17-BDDD-4412-8CF8-F7C1C17A7436}
		{EDD4B978-5ABA-448B-8DA7-A02F99714D66}.9 = {80DECC17-BDDD-4412-8CF8-F7C1C17A7436}
		{EDD4B978-5ABA-448B-8DA7-A02F99714D66}.10 = {4464818A-0254-4EE1-AD81-154C399BBE54}
		{EDD4B978-5ABA-448B-8DA7-A02F99714D66}.11 = {35AFBABB-DF05-43DE-91A7-BB828A874015}
		{EDD4B978-5ABA-448B-8DA7-A02F99714D66}.0 = {4FCE5A80-E8AC-448E-AAA0-B1A35AB9551B}
		{EDD4B978-5ABA-448B-8DA7-A02F99714D66}.1 = {0F172B9C-E5D5-4EB1-BFDB-93D787A37461}
		{EDD4B978-5ABA-448B-8DA7-A02F99714D66}.2 = {4FCE5A80-E8AC-448E-AAA0-B1A35AB9551B}
		{EDD4B978-5ABA-448B-8DA7-A02F99714D66}.3 = {3AD3E5EF-0CC8-4A69-9827-7D42C270007F}
		{EDD4B978-5ABA-448B-8DA7-A02F99714D66}.4 = {80DECC17-BDDD-4412-8CF8-F7C1C17A7436}
		{EDD4B978-5ABA-448B-8DA7-A02F99714D66}.5 = {9D5F0157-CC6C-465B-89E8-48A699A6299A}
		{EDD4B978-5ABA-448B-8DA7-A02F99714D66}.6 = {3AD3E5EF-0CC8-4A69-9827-7D42C270007F}
		{EDD4B978-5ABA-448B-8DA7-A02F99714D66}.7 = {3AD3E5EF-0CC8-4A69-9827-7D42C270007F}
		{EDD4B978-5ABA-448B-8DA7-A02F99714D66}.8 = {80DECC17-BDDD-4412-8CF8-F7C1C17A7436}
		{EDD4B978-5ABA-448B-8DA7-A02F99714D66}.9 = {80DECC17-BDDD-4412-8CF8-F7C1C17A7436}
		{EDD4B978-5ABA-448B-8DA7-A02F99714D66}.10 = {4464818A-0254-4EE1-AD81-154C399BBE54}
		{EDD4B978-5ABA-448B-8DA7-A02F99714D66}.11 = {35AFBABB-DF05-43DE-91A7-BB828A874015}
		{EDD4B978-5ABA-448B-8DA7-A02F99714D66}.0 = {4FCE5A80-E8AC-448E-AAA0-B1A35AB9551B}
		{EDD4B978-5ABA-448B-8DA7-A02F99714D66}.1 = {0F172B9C-E5D5-4EB1-BFDB-93D787A37461}
		{EDD4B978-5ABA-448B-8DA7-A02F99714D66}.2 = {4FCE5A80-E8AC-448E-AAA0-B1A35AB9551B}
		{EDD4B978-5ABA-448B-8DA7-A02F99714D66}.3 = {3AD3E5EF-0CC8-4A69-9827-7D42C270007F}
		{EDD4B978-5ABA-448B-8DA7-A02F99714D66}.4 = {80DECC17-BDDD-4412-8CF8-F7C1C17A7436}
		{EDD4B978-5ABA-448B-8DA7-A02F99714D66}.5 = {9D5F0157-CC6C-465B-89E8-48A699A6299A}
		{EDD4B978-5ABA-448B-8DA7-A02F99714D66}.6 = {3AD3E5EF-0CC8-4A69-9827-7D42C270007F}
		{EDD4B978-5ABA-448B-8DA7-A02F99714D66}.7 = {3AD3E5EF-0CC8-4A69-9827-7D42C270007F}
		{EDD4B978-5ABA-448B-8DA7-A02F99714D66}.8 = {80DECC17-BDDD-4412-8CF8-F7C1C17A7436}
		{EDD4B978-5ABA-448B-8DA7-A02F99714D66}.9 = {80DECC17-BDDD-4412-8CF8-F7C1C17A7436}
		{EDD4B978-5ABA-448B-8DA7-A02F99714D66}.10 = {4464818A-0254-4EE1-AD81-154C399BBE54}
		{EDD4B978-5ABA-448B-8DA7-A02F99714D66}.11 = {35AFBABB-DF05-43DE-91A7-BB828A874015}
	EndGlobalSection
	GlobalSection(ProjectConfiguration) = postSolution
		{4464818A-0254-4EE1-AD81-154C399BBE54}.Debug.ActiveCfg = Debug|Win32
		{4464818A-0254-4EE1-AD81-154C399BBE54}.Debug.Build.0 = Debug|Win32
		{4464818A-0254-4EE1-AD81-154C399BBE54}.Release.ActiveCfg = Release|Win32
		{4464818A-0254-4EE1-AD81-154C399BBE54}.Release.Build.0 = Release|Win32
		{4FCE5A80-E8AC-448E-AAA0-B1A35AB9551B}.Debug.ActiveCfg = Debug|Win32
		{4FCE5A80-E8AC-448E-AAA0-B1A35AB9551B}.Debug.Build.0 = Debug|Win32
		{4FCE5A80-E8AC-448E-AAA0-B1A35AB9551B}.Release.ActiveCfg = Release|Win32
		{4FCE5A80-E8AC-448E-AAA0-B1A35AB9551B}.Release.Build.0 = Release|Win32
		{EDD4B978-5ABA-448B-8DA7-A02F99714D66}.Debug.ActiveCfg = Debug|Win32
		{EDD4B978-5ABA-448B-8DA7-A02F99714D66}.Debug.Build.0 = Debug|Win32
		{EDD4B978-5ABA-448B-8DA7-A02F99714D66}.Release.ActiveCfg = Release|Win32
		{EDD4B978-5ABA-448B-8DA7-A02F99714D66}.Release.Build.0 = Release|Win32
		{EDD4B978-5ABA-448B-8DA7-A02F99714D66}.Debug.ActiveCfg = Debug|Win32
		{EDD4B978-5ABA-448B-8DA7-A02F99714D66}.Debug.Build.0 = Debug|Win32
		{EDD4B978-5ABA-448B-8DA7-A02F99714D66}.Release.ActiveCfg = Release|Win32
		{EDD4B978-5ABA-448B-8DA7-A02F99714D66}.Release.Build.0 = Release|Win32
		{3AD3E5EF-0CC8-4A69-9827-7D42C270007F}.Debug.ActiveCfg = Debug|Win32
		{3AD3E5EF-0CC8-4A69-9827-7D42C270007F}.Debug.Build.0 = Debug|Win32
		{3AD3E5EF-0CC8-4A69-9827-7D42C270007F}.Release.ActiveCfg = Release|Win32
		{3AD3E5EF-0CC8-4A69-9827-7D42C270007F}.Release.Build.0 = Release|Win32
		{3AD3E5EF-0CC8-4A69-9827-7D42C270007F}.Debug.ActiveCfg = Debug|Win32
		{3AD3E5EF-0CC8-4A69-9827-7D42C270007F}.Debug.Build.0 = Debug|Win32
		{3AD3E5EF-0CC8-4A69-9827-7D42C270007F}.Release.ActiveCfg = Release|Win32
		{3AD3E5EF-0CC8-4A69-9827-7D42C270007F}.Release.Build.0 = Release|Win32
		{EDD4B978-5ABA-448B-8DA7-A02F99714D66}.Debug.ActiveCfg = Debug|Win32
		{EDD4B978-5ABA-448B-8DA7-A02F99714D66}.Debug.Build.0 = Debug|Win32
		{EDD4B978-5ABA-448B-8DA7-A02F99714D66}.Release.ActiveCfg = Release|Win32
		{EDD4B978-5ABA-448B-8DA7-A02F99714D66}.Release.Build.0 = Release|Win32
		{EDD4B978-5ABA-448B-8DA7-A02F99714D66}.Debug.ActiveCfg = Debug|Win32
		{EDD4B978-5ABA-448B-8DA7-A02F99714D66}.Debug.Build.0 = Debug|Win32
		{EDD4B978-5ABA-448B-8DA7-A02F99714D66}.Release.ActiveCfg = Release|Win32
		{EDD4B978-5ABA-448B-8DA7-A02F99714D66}.Release.Build.0 = Release|Win32
		{EDD4B978-5ABA-448B-8DA7-A02F99714D66}.Debug.ActiveCfg = Debug|Win32
		{EDD4B978-5ABA-448B-8DA7-A02F99714D66}.Debug.Build.0 = Debug|Win32
		{EDD4B978-5ABA-448B-8DA7-A02F99714D66}.Release.ActiveCfg = Release|Win32
		{EDD4B978-5ABA-448B-8DA7-A02F99714D66}.Release.Build.0 = Release|Win32
		{EDD4B978-5ABA-448B-8DA7-A02F99714D66}.Debug.ActiveCfg = Debug|Win32
		{EDD4B978-5ABA-448B-8DA7-A02F99714D66}.Debug.Build.0 = Debug|Win32
		{EDD4B978-5ABA-448B-8DA7-A02F99714D66}.Release.ActiveCfg = Release|Win32
		{EDD4B978-5ABA-448B-8DA7-A02F99714D66}.Release.Build.0 = Release|Win32
		{EDD4B978-5ABA-448B-8DA7-A02F99714D66}.Debug.ActiveCfg = Debug|Win32
		{EDD4B978-5ABA-448B-8DA7-A02F99714D66}.Debug.Build.0 = Debug|Win32
		{EDD4B978-5ABA-448B-8DA7-A02F99714D66}.Release.ActiveCfg = Release|Win32
		{EDD4B978-5ABA-448B-8DA7-A02F99714D66}.Release.Build.0 = Release|Win32
		{EDD4B978-5ABA-448B-8DA7-A02F99714D66}.Debug.ActiveCfg = Debug|Win32
		{EDD4B978-5ABA-448B-8DA7-A02F99714D66}.Debug.Build.0 = Debug|Win32
		{EDD4B978-5ABA-448B-8DA7-A02F99714D66}.Release.ActiveCfg = Release|Win32
		{EDD4B978-5ABA-448B-8DA7-A02F99714D66}.Release.Build.0 = Release|Win32
		{EDD4B978-5ABA-448B-8DA7-A02F99714D66}.Debug.ActiveCfg = Debug|Win32
		{EDD4B978-5ABA-448B-8DA7-A02F99714D66}.Debug.Build.0 = Debug|Win32
		{EDD4B978-5ABA-448B-8DA7-A02F99714D66}.Release.ActiveCfg = Release|Win32
		{EDD4B978-5ABA-448B-8DA7-A02F99714D66}.Release.Build.0 = Release|Win32
		{EDD4B978-5ABA-448B-8DA7-A02F99714D66}.Debug.ActiveCfg = Debug|Win32
		{EDD4B978-5ABA-448B-8DA7-A02F99714D66}.Debug.Build.0 = Debug|Win32
		{EDD4B978-5ABA-448B-8DA7-A02F99714D66}.Release.ActiveCfg = Release|Win32
		{EDD4B978-5ABA-448B-8DA7-A02F99714D66}.Release.Build.0 = Release|Win32
		{80DECC17-BDDD-4412-8CF8-F7C1C17A7436}.Debug.ActiveCfg = Debug|Win32
		{80DECC17-BDDD-4412-8CF8-F7C1C17A7436}.Debug.Build.0 = Debug|Win32
		{80DECC17-BDDD-4412-8CF8-F7C1C17A7436}.Release.ActiveCfg = Release|Win32
		{80DECC17-BDDD-4412-8CF8-F7C1C17A7436}.Release.Build.0 = Release|Win32
		{D4929E45-2A25-4F53-96A1-E1BCD91D9B6A}.Debug.ActiveCfg = Debug|Win32
		{D4929E45-2A25-4F53-96A1-E1BCD91D9B6A}.Debug.Build.0 = Debug|Win32
		{D4929E45-2A25-4F53-96A1-E1BCD91D9B6A}.Release.ActiveCfg = Release|Win32
		{D4929E45-2A25-4F53-96A1-E1BCD91D9B6A}.Release.Build.0 = Release|Win32
		{EDD4B978-5ABA-448B-8DA7-A02F99714D66}.Debug.ActiveCfg = Debug|Win32
		{EDD4B978-5ABA-448B-8DA7-A02F99714D66}.Debug.Build.0 = Debug|Win32
		{EDD4B978-5ABA-448B-8DA7-A02F99714D66}.Release.ActiveCfg = Release|Win32
		{EDD4B978-5ABA-448B-8DA7-A02F99714D66}.Release.Build.0 = Release|Win32
		{B4FB6BCF-FA5A-42C2-9FA5-F1653B95ADE3}.Debug.ActiveCfg = Debug|Win32
		{B4FB6BCF-FA5A-42C2-9FA5-F1653B95ADE3}.Debug.Build.0 = Debug|Win32
		{B4FB6BCF-FA5A-42C2-9FA5-F1653B95ADE3}.Release.ActiveCfg = Release|Win32
		{B4FB6BCF-FA5A-42C2-9FA5-F1653B95ADE3}.Release.Build.0 = Release|Win32
		{80DECC17-BDDD-4412-8CF8-F7C1C17A7436}.Debug.ActiveCfg = Debug|Win32
		{80DECC17-BDDD-4412-8CF8-F7C1C17A7436}.Debug.Build.0 = Debug|Win32
		{80DECC17-BDDD-4412-8CF8-F7C1C17A7436}.Release.ActiveCfg = Release|Win32
		{80DECC17-BDDD-4412-8CF8-F7C1C17A7436}.Release.Build.0 = Release|Win32
		{3AD3E5EF-0CC8-4A69-9827-7D42C270007F}.Debug.ActiveCfg = Debug|Win32
		{3AD3E5EF-0CC8-4A69-9827-7D42C270007F}.Debug.Build.0 = Debug|Win32
		{3AD3E5EF-0CC8-4A69-9827-7D42C270007F}.Release.ActiveCfg = Release|Win32
		{3AD3E5EF-0CC8-4A69-9827-7D42C270007F}.Release.Build.0 = Release|Win32
		{EDD4B978-5ABA-448B-8DA7-A02F99714D66}.Debug.ActiveCfg = Debug|Win32
		{EDD4B978-5ABA-448B-8DA7-A02F99714D66}.Debug.Build.0 = Debug|Win32
		{EDD4B978-5ABA-448B-8DA7-A02F99714D66}.Release.ActiveCfg = Release|Win32
		{EDD4B978-5ABA-448B-8DA7-A02F99714D66}.Release.Build.0 = Release|Win32
		{EDD4B978-5ABA-448B-8DA7-A02F99714D66}.Debug.ActiveCfg = Debug|Win32
		{EDD4B978-5ABA-448B-8DA7-A02F99714D66}.Debug.Build.0 = Debug|Win32
		{EDD4B978-5ABA-448B-8DA7-A02F99714D66}.Release.ActiveCfg = Release|Win32
		{EDD4B978-5ABA-448B-8DA7-A02F99714D66}.Release.Build.0 = Release|Win32
		{EDD4B978-5ABA-448B-8DA7-A02F99714D66}.Debug.ActiveCfg = Debug|Win32
		{EDD4B978-5ABA-448B-8DA7-A02F99714D66}.Debug.Build.0 = Debug|Win32
		{EDD4B978-5ABA-448B-8DA7-A02F99714D66}.Release.ActiveCfg = Release|Win32
		{EDD4B978-5ABA-448B-8DA7-A02F99714D66}.Release.Build.0 = Release|Win32
		{EDD4B978-5ABA-448B-8DA7-A02F99714D66}.Debug.ActiveCfg = Debug|Win32
		{EDD4B978-5ABA-448B-8DA7-A02F99714D66}.Debug.Build.0 = Debug|Win32
		{EDD4B978-5ABA-448B-8DA7-A02F99714D66}.Release.ActiveCfg = Release|Win32
		{EDD4B978-5ABA-448B-8DA7-A02F99714D66}.Release.Build.0 = Release|Win32
		{9D5F0157-CC6C-465B-89E8-48A699A6299A}.Debug.ActiveCfg = Debug|Win32
		{9D5F0157-CC6C-465B-89E8-48A699A6299A}.Debug.Build.0 = Debug|Win32
		{9D5F0157-CC6C-465B-89E8-48A699A6299A}.Release.ActiveCfg = Release|Win32
		{9D5F0157-CC6C-465B-89E8-48A699A6299A}.Release.Build.0 = Release|Win32
		{0F172B9C-E5D5-4EB1-BFDB-93D787A37461}.Debug.ActiveCfg = Debug|Win32
		{0F172B9C-E5D5-4EB1-BFDB-93D787A37461}.Debug.Build.0 = Debug|Win32
		{0F172B9C-E5D5-4EB1-BFDB-93D787A37461}.Release.ActiveCfg = Release|Win32
		{0F172B9C-E5D5-4EB1-BFDB-93D787A37461}.Release.Build.0 = Release|Win32
		{35AFBABB-DF05-43DE-91A7-BB828A874015}.Debug.ActiveCfg = Debug|Win32
		{35AFBABB-DF05-43DE-91A7-BB828A874015}.Debug.Build.0 = Debug|Win32
		{35AFBABB-DF05-43DE-91A7-BB828A874015}.Release.ActiveCfg = Release|Win32
		{35AFBABB-DF05-43DE-91A7-BB828A874015}.Release.Build.0 = Release|Win32
		{A5DF6866-2C4A-4A55-8981-7D819F3DAE4C}.Debug.ActiveCfg = Debug|Win32
		{A5DF6866-2C4A-4A55-8981-7D819F3DAE4C}.Debug.Build.0 = Debug|Win32
		{A5DF6866-2C4A-4A55-8981-7D819F3DAE4C}.Release.ActiveCfg = Release|Win32
		{A5DF6866-2C4A-4A55-8981-7D819F3DAE4C}.Release.Build.0 = Release|Win32
		{4FCE5A80-E8AC-448E-AAA0-B1A35AB9551B}.Debug.ActiveCfg = Debug|Win32
		{4FCE5A80-E8AC-448E-AAA0-B1A35AB9551B}.Debug.Build.0 = Debug|Win32
		{4FCE5A80-E8AC-448E-AAA0-B1A35AB9551B}.Release.ActiveCfg = Release|Win32
		{4FCE5A80-E8AC-448E-AAA0-B1A35AB9551B}.Release.Build.0 = Release|Win32
		{EDD4B978-5ABA-448B-8DA7-A02F99714D66}.Debug.ActiveCfg = Debug|Win32
		{EDD4B978-5ABA-448B-8DA7-A02F99714D66}.Debug.Build.0 = Debug|Win32
		{EDD4B978-5ABA-448B-8DA7-A02F99714D66}.Release.ActiveCfg = Release|Win32
		{EDD4B978-5ABA-448B-8DA7-A02F99714D66}.Release.Build.0 = Release|Win32
		{80DECC17-BDDD-4412-8CF8-F7C1C17A7436}.Debug.ActiveCfg = Debug|Win32
		{80DECC17-BDDD-4412-8CF8-F7C1C17A7436}.Debug.Build.0 = Debug|Win32
		{80DECC17-BDDD-4412-8CF8-F7C1C17A7436}.Release.ActiveCfg = Release|Win32
		{80DECC17-BDDD-4412-8CF8-F7C1C17A7436}.Release.Build.0 = Release|Win32
		{EDD4B978-5ABA-448B-8DA7-A02F99714D66}.Debug.ActiveCfg = Debug|Win32
		{EDD4B978-5ABA-448B-8DA7-A02F99714D66}.Debug.Build.0 = Debug|Win32
		{EDD4B978-5ABA-448B-8DA7-A02F99714D66}.Release.ActiveCfg = Release|Win32
		{EDD4B978-5ABA-448B-8DA7-A02F99714D66}.Release.Build.0 = Release|Win32
		{EDD4B978-5ABA-448B-8DA7-A02F99714D66}.Debug.ActiveCfg = Debug|Win32
		{EDD4B978-5ABA-448B-8DA7-A02F99714D66}.Debug.Build.0 = Debug|Win32
		{EDD4B978-5ABA-448B-8DA7-A02F99714D66}.Release.ActiveCfg = Release|Win32
		{EDD4B978-5ABA-448B-8DA7-A02F99714D66}.Release.Build.0 = Release|Win32
		{EDD4B978-5ABA-448B-8DA7-A02F99714D66}.Debug.ActiveCfg = Debug|Win32
		{EDD4B978-5ABA-448B-8DA7-A02F99714D66}.Debug.Build.0 = Debug|Win32
		{EDD4B978-5ABA-448B-8DA7-A02F99714D66}.Release.ActiveCfg = Release|Win32
		{EDD4B978-5ABA-448B-8DA7-A02F99714D66}.Release.Build.0 = Release|Win32
		{B4FB6BCF-FA5A-42C2-9FA5-F1653B95ADE3}.Debug.ActiveCfg = Debug|Win32
		{B4FB6BCF-FA5A-42C2-9FA5-F1653B95ADE3}.Debug.Build.0 = Debug|Win32
		{B4FB6BCF-FA5A-42C2-9FA5-F1653B95ADE3}.Release.ActiveCfg = Release|Win32
		{B4FB6BCF-FA5A-42C2-9FA5-F1653B95ADE3}.Release.Build.0 = Release|Win32
		{EDD4B978-5ABA-448B-8DA7-A02F99714D66}.Debug.ActiveCfg = Debug|Win32
		{EDD4B978-5ABA-448B-8DA7-A02F99714D66}.Debug.Build.0 = Debug|Win32
		{EDD4B978-5ABA-448B-8DA7-A02F99714D66}.Release.ActiveCfg = Release|Win32
		{EDD4B978-5ABA-448B-8DA7-A02F99714D66}.Release.Build.0 = Release|Win32
		{B4FB6BCF-FA5A-42C2-9FA5-F1653B95ADE3}.Debug.ActiveCfg = Debug|Win32
		{B4FB6BCF-FA5A-42C2-9FA5-F1653B95ADE3}.Debug.Build.0 = Debug|Win32
		{B4FB6BCF-FA5A-42C2-9FA5-F1653B95ADE3}.Release.ActiveCfg = Release|Win32
		{B4FB6BCF-FA5A-42C2-9FA5-F1653B95ADE3}.Release.Build.0 = Release|Win32
		{80DECC17-BDDD-4412-8CF8-F7C1C17A7436}.Debug.ActiveCfg = Debug|Win32
		{80DECC17-BDDD-4412-8CF8-F7C1C17A7436}.Debug.Build.0 = Debug|Win32
		{80DECC17-BDDD-4412-8CF8-F7C1C17A7436}.Release.ActiveCfg = Release|Win32
		{80DECC17-BDDD-4412-8CF8-F7C1C17A7436}.Release.Build.0 = Release|Win32
		{EDD4B978-5ABA-448B-8DA7-A02F99714D66}.Debug.ActiveCfg = Debug|Win32
		{EDD4B978-5ABA-448B-8DA7-A02F99714D66}.Debug.Build.0 = Debug|Win32
		{EDD4B978-5ABA-448B-8DA7-A02F99714D66}.Release.ActiveCfg = Release|Win32
		{EDD4B978-5ABA-448B-8DA7-A02F99714D66}.Release.Build.0 = Release|Win32
		{EDD4B978-5ABA-448B-8DA7-A02F99714D66}.Debug.ActiveCfg = Debug|Win32
		{EDD4B978-5ABA-448B-8DA7-A02F99714D66}.Debug.Build.0 = Debug|Win32
		{EDD4B978-5ABA-448B-8DA7-A02F99714D66}.Release.ActiveCfg = Release|Win32
		{EDD4B978-5ABA-448B-8DA7-A02F99714D66}.Release.Build.0 = Release|Win32
		{EDD4B978-5ABA-448B-8DA7-A02F99714D66}.Debug.ActiveCfg = Debug|Win32
		{EDD4B978-5ABA-448B-8DA7-A02F99714D66}.Debug.Build.0 = Debug|Win32
		{EDD4B978-5ABA-448B-8DA7-A02F99714D66}.Release.ActiveCfg = Release|Win32
		{EDD4B978-5ABA-448B-8DA7-A02F99714D66}.Release.Build.0 = Release|Win32
	EndGlobalSection
	GlobalSection(ExtensibilityGlobals) = postSolution
		DPBuild = 5
	EndGlobalSection
	GlobalSection(ExtensibilityAddIns) = postSolution
	EndGlobalSection
EndGlobal
