Microsoft Visual Studio Solution File, Format Version 7.00
Project("{8BC9CEB8-8B4A-11D0-8D11-00A0C91BC942}") = "OgreMain", "OgreMain\scripts\OgreMain.vcproj", "{35AFBABB-DF05-43DE-91A7-BB828A874015}"
EndProject
Project("{8BC9CEB8-8B4A-11D0-8D11-00A0C91BC942}") = "PlatformManager_Win32", "PlatformManagers\Win32\scripts\PlatformManager_Win32.vcproj", "{4464818A-0254-4EE1-AD81-154C399BBE54}"
EndProject
Project("{8BC9CEB8-8B4A-11D0-8D11-00A0C91BC942}") = "Plugin_BSPSceneManager", "PlugIns\BSPSceneManager\scripts\Plugin_BSPSceneManager.vcproj", "{80DECC17-BDDD-4412-8CF8-F7C1C17A7436}"
EndProject
Project("{8BC9CEB8-8B4A-11D0-8D11-00A0C91BC942}") = "Plugin_CgProgramManager", "PlugIns\CgProgramManager\scripts\Plugin_CgProgramManager.vcproj", "{1C741C2F-3278-43D8-9FD2-E631A64B70AE}"
EndProject
Project("{8BC9CEB8-8B4A-11D0-8D11-00A0C91BC942}") = "Plugin_FileSystem", "PlugIns\FileSystem\scripts\Plugin_FileSystem.vcproj", "{3AD3E5EF-0CC8-4A69-9827-7D42C270007F}"
EndProject
Project("{8BC9CEB8-8B4A-11D0-8D11-00A0C91BC942}") = "Plugin_GuiElements", "PlugIns\GuiElements\scripts\Plugin_GuiElements.vcproj", "{3F34D3E2-677B-43FB-835A-E8C1C9474D34}"
EndProject
Project("{8BC9CEB8-8B4A-11D0-8D11-00A0C91BC942}") = "Plugin_NatureSceneManager", "PlugIns\NatureSceneManager\scripts\Plugin_NatureSceneManager.vcproj", "{9D5F0157-CC6C-465B-89E8-48A699A6299A}"
EndProject
Project("{8BC9CEB8-8B4A-11D0-8D11-00A0C91BC942}") = "Plugin_OctreeSceneManager", "PlugIns\OctreeSceneManager\scripts\Plugin_OctreeSceneManager.vcproj", "{A6830BB5-9993-4F6D-8D4E-930F36A1B88F}"
EndProject
Project("{8BC9CEB8-8B4A-11D0-8D11-00A0C91BC942}") = "Plugin_ParticleFX", "PlugIns\ParticleFX\scripts\Plugin_ParticleFX.vcproj", "{C61A6060-5F0B-4B83-A0BC-678CCDA98FF6}"
EndProject
Project("{8BC9CEB8-8B4A-11D0-8D11-00A0C91BC942}") = "ReferenceAppLayer", "ReferenceApplication\ReferenceAppLayer\scripts\ReferenceAppLayer.vcproj", "{6FDA6A78-A473-4FEB-86A5-96D1CC65D5B9}"
EndProject
Project("{8BC9CEB8-8B4A-11D0-8D11-00A0C91BC942}") = "Demo_BspCollision", "ReferenceApplication\BspCollision\scripts\BspCollision.vcproj", "{1982C73F-3D1C-46A6-9DFB-C7B03310365B}"
EndProject
Project("{8BC9CEB8-8B4A-11D0-8D11-00A0C91BC942}") = "RenderSystem_Direct3D7", "RenderSystems\Direct3D7\scripts\RenderSystem_Direct3D7.vcproj", "{4FCE5A80-E8AC-448E-AAA0-B1A35AB9551B}"
EndProject
Project("{8BC9CEB8-8B4A-11D0-8D11-00A0C91BC942}") = "RenderSystem_Direct3D9", "RenderSystems\Direct3D9\scripts\RenderSystem_Direct3D9.vcproj", "{0F172B9C-E5D5-4EB1-BFDB-93D787A37461}"
EndProject
Project("{8BC9CEB8-8B4A-11D0-8D11-00A0C91BC942}") = "RenderSystem_GL", "RenderSystems\GL\scripts\RenderSystem_GL.vcproj", "{7D0A20FE-40A6-4E64-AD26-5E34AE391DF4}"
EndProject
Project("{8BC9CEB8-8B4A-11D0-8D11-00A0C91BC942}") = "Demo_BezierPatch", "Samples\BezierPatch\scripts\Demo_BezierPatch.vcproj", "{EDD4B978-5ABA-448B-8DA7-A02F99714D66}"
EndProject
Project("{8BC9CEB8-8B4A-11D0-8D11-00A0C91BC942}") = "Demo_BSP", "Samples\BSP\scripts\Demo_BSP.vcproj", "{D5EAD9CA-691E-4367-BFCC-C671581851E4}"
EndProject
Project("{8BC9CEB8-8B4A-11D0-8D11-00A0C91BC942}") = "Demo_CameraTrack", "Samples\CameraTrack\scripts\Demo_CameraTrack.vcproj", "{161D4349-5DB6-4BCC-A890-FC20A2BB181A}"
EndProject
Project("{8BC9CEB8-8B4A-11D0-8D11-00A0C91BC942}") = "Demo_CelShading", "Samples\CelShading\scripts\Demo_CelShading.vcproj", "{A0C80324-EF9A-41AE-A833-1CC909C38ABB}"
EndProject
Project("{8BC9CEB8-8B4A-11D0-8D11-00A0C91BC942}") = "Demo_CubeMapping", "Samples\CubeMapping\scripts\Demo_CubeMapping.vcproj", "{89C04C44-50A4-47E3-BA46-8EA257329C80}"
EndProject
Project("{8BC9CEB8-8B4A-11D0-8D11-00A0C91BC942}") = "Demo_Dot3Bump", "Samples\Dot3Bump\scripts\Demo_Dot3Bump.vcproj", "{279EA6C7-59CF-48E4-BAC7-3C356A8114F6}"
EndProject
Project("{8BC9CEB8-8B4A-11D0-8D11-00A0C91BC942}") = "Demo_EnvMapping", "Samples\EnvMapping\scripts\Demo_EnvMapping.vcproj", "{40308138-609B-4162-AA55-E8E02BF207F0}"
EndProject
Project("{8BC9CEB8-8B4A-11D0-8D11-00A0C91BC942}") = "Demo_Fresnel", "Samples\Fresnel\scripts\Demo_Fresnel.vcproj", "{B5E6BAD4-960F-418B-8904-FE93EC51947B}"
EndProject
Project("{8BC9CEB8-8B4A-11D0-8D11-00A0C91BC942}") = "Demo_Gui", "Samples\Gui\scripts\Demo_Gui.vcproj", "{0F83CA41-4364-49FF-A230-613B08B5CF82}"
EndProject
Project("{8BC9CEB8-8B4A-11D0-8D11-00A0C91BC942}") = "Demo_Lighting", "Samples\Lighting\scripts\Demo_Lighting.vcproj", "{09F9E809-02CF-4926-8203-2B9C02FBD916}"
EndProject
Project("{8BC9CEB8-8B4A-11D0-8D11-00A0C91BC942}") = "Demo_Nature", "Samples\Nature\scripts\NatureConsoleTest.vcproj", "{A5DF6866-2C4A-4A55-8981-7D819F3DAE4C}"
EndProject
Project("{8BC9CEB8-8B4A-11D0-8D11-00A0C91BC942}") = "Demo_ParticleFX", "Samples\ParticleFX\scripts\Demo_ParticleFX.vcproj", "{74204563-3B14-42A3-B9E6-8E3201D571BC}"
EndProject
Project("{8BC9CEB8-8B4A-11D0-8D11-00A0C91BC942}") = "Demo_RenderToTexture", "Samples\RenderToTexture\scripts\Demo_RenderToTexture.vcproj", "{109F610E-9B23-4D05-819E-A7F27A42AA94}"
EndProject
Project("{8BC9CEB8-8B4A-11D0-8D11-00A0C91BC942}") = "Demo_SkeletalAnimation", "Samples\SkeletalAnimation\scripts\Demo_SkeletalAnimation.vcproj", "{43E76713-7E47-4AB0-A2FE-F4296B5C3EF8}"
EndProject
Project("{8BC9CEB8-8B4A-11D0-8D11-00A0C91BC942}") = "Demo_SkyBox", "Samples\SkyBox\scripts\Demo_SkyBox.vcproj", "{BC7E19F4-4B5D-4549-B473-E234011B6719}"
EndProject
Project("{8BC9CEB8-8B4A-11D0-8D11-00A0C91BC942}") = "Demo_SkyDome", "Samples\SkyDome\scripts\Demo_SkyDome.vcproj", "{C9AF3D1F-44A3-413A-B137-264C6D559CED}"
EndProject
Project("{8BC9CEB8-8B4A-11D0-8D11-00A0C91BC942}") = "Demo_SkyPlane", "Samples\SkyPlane\scripts\Demo_SkyPlane.vcproj", "{2EF34790-42A6-4722-925A-8255120A90E3}"
EndProject
Project("{8BC9CEB8-8B4A-11D0-8D11-00A0C91BC942}") = "Demo_Smoke", "Samples\Smoke\scripts\Demo_Smoke.vcproj", "{86B4ED07-3D95-45C3-B387-512046E95C68}"
EndProject
Project("{8BC9CEB8-8B4A-11D0-8D11-00A0C91BC942}") = "Demo_Terrain", "Samples\Terrain\scripts\Demo_Terrain.vcproj", "{1BB416AA-358A-4B4B-B565-14CE1BF9D4FD}"
EndProject
Project("{8BC9CEB8-8B4A-11D0-8D11-00A0C91BC942}") = "Demo_TextureFX", "Samples\TextureFX\scripts\Demo_TextureFX.vcproj", "{4C359709-9A70-4ED8-9071-8BCF1BCD83E7}"
EndProject
Project("{8BC9CEB8-8B4A-11D0-8D11-00A0C91BC942}") = "Demo_Transparency", "Samples\Transpacency\scripts\Demo_Transparency.vcproj", "{AB50ACAA-ADE7-4554-B56B-68991C41D29A}"
EndProject
Project("{8BC9CEB8-8B4A-11D0-8D11-00A0C91BC942}") = "Demo_Water", "Samples\Water\scripts\Demo_Water.vcproj", "{C7167FBD-F166-4DEA-B50B-9F25E28B75F6}"
EndProject
Project("{8BC9CEB8-8B4A-11D0-8D11-00A0C91BC942}") = "MaterialUpgrader", "Tools\MaterialUpgrader\scripts\MaterialUpgrader.vcproj", "{2BA1BBEE-CE27-48D6-A89D-EBAA81D40B6D}"
EndProject
Project("{8BC9CEB8-8B4A-11D0-8D11-00A0C91BC942}") = "MeshUpgrader", "Tools\MeshUpgrader\scripts\MeshUpgrader.vcproj", "{6B3CABED-0D07-4AF0-8931-929B9B28BA8B}"
EndProject
Project("{8BC9CEB8-8B4A-11D0-8D11-00A0C91BC942}") = "MilkshapeExport", "Tools\MilkshapeExport\scripts\MilkshapeExport.vcproj", "{D4929E45-2A25-4F53-96A1-E1BCD91D9B6A}"
EndProject
Project("{8BC9CEB8-8B4A-11D0-8D11-00A0C91BC942}") = "XMLConverter", "Tools\XMLConverter\scripts\XMLConverter.vcproj", "{B4FB6BCF-FA5A-42C2-9FA5-F1653B95ADE3}"
EndProject
Project("{8BC9CEB8-8B4A-11D0-8D11-00A0C91BC942}") = "Demo_Shadows", "Samples\Shadows\scripts\Demo_Shadows.vcproj", "{F6C5DBF5-AD48-4F33-B824-595092CFE850}"
EndProject
Global
	GlobalSection(SolutionConfiguration) = preSolution
		ConfigName.0 = Debug
		ConfigName.1 = Release
	EndGlobalSection
	GlobalSection(ProjectDependencies) = postSolution
		{4464818A-0254-4EE1-AD81-154C399BBE54}.0 = {35AFBABB-DF05-43DE-91A7-BB828A874015}
		{80DECC17-BDDD-4412-8CF8-F7C1C17A7436}.0 = {35AFBABB-DF05-43DE-91A7-BB828A874015}
		{1C741C2F-3278-43D8-9FD2-E631A64B70AE}.0 = {35AFBABB-DF05-43DE-91A7-BB828A874015}
		{3AD3E5EF-0CC8-4A69-9827-7D42C270007F}.0 = {35AFBABB-DF05-43DE-91A7-BB828A874015}
		{3F34D3E2-677B-43FB-835A-E8C1C9474D34}.0 = {35AFBABB-DF05-43DE-91A7-BB828A874015}
		{9D5F0157-CC6C-465B-89E8-48A699A6299A}.0 = {35AFBABB-DF05-43DE-91A7-BB828A874015}
		{A6830BB5-9993-4F6D-8D4E-930F36A1B88F}.0 = {35AFBABB-DF05-43DE-91A7-BB828A874015}
		{C61A6060-5F0B-4B83-A0BC-678CCDA98FF6}.0 = {35AFBABB-DF05-43DE-91A7-BB828A874015}
		{6FDA6A78-A473-4FEB-86A5-96D1CC65D5B9}.0 = {35AFBABB-DF05-43DE-91A7-BB828A874015}
		{1982C73F-3D1C-46A6-9DFB-C7B03310365B}.0 = {7D0A20FE-40A6-4E64-AD26-5E34AE391DF4}
		{1982C73F-3D1C-46A6-9DFB-C7B03310365B}.1 = {0F172B9C-E5D5-4EB1-BFDB-93D787A37461}
		{1982C73F-3D1C-46A6-9DFB-C7B03310365B}.2 = {4FCE5A80-E8AC-448E-AAA0-B1A35AB9551B}
		{1982C73F-3D1C-46A6-9DFB-C7B03310365B}.3 = {6FDA6A78-A473-4FEB-86A5-96D1CC65D5B9}
		{1982C73F-3D1C-46A6-9DFB-C7B03310365B}.4 = {C61A6060-5F0B-4B83-A0BC-678CCDA98FF6}
		{1982C73F-3D1C-46A6-9DFB-C7B03310365B}.5 = {A6830BB5-9993-4F6D-8D4E-930F36A1B88F}
		{1982C73F-3D1C-46A6-9DFB-C7B03310365B}.6 = {9D5F0157-CC6C-465B-89E8-48A699A6299A}
		{1982C73F-3D1C-46A6-9DFB-C7B03310365B}.7 = {3F34D3E2-677B-43FB-835A-E8C1C9474D34}
		{1982C73F-3D1C-46A6-9DFB-C7B03310365B}.8 = {3AD3E5EF-0CC8-4A69-9827-7D42C270007F}
		{1982C73F-3D1C-46A6-9DFB-C7B03310365B}.9 = {1C741C2F-3278-43D8-9FD2-E631A64B70AE}
		{1982C73F-3D1C-46A6-9DFB-C7B03310365B}.10 = {80DECC17-BDDD-4412-8CF8-F7C1C17A7436}
		{1982C73F-3D1C-46A6-9DFB-C7B03310365B}.11 = {4464818A-0254-4EE1-AD81-154C399BBE54}
		{1982C73F-3D1C-46A6-9DFB-C7B03310365B}.12 = {35AFBABB-DF05-43DE-91A7-BB828A874015}
		{4FCE5A80-E8AC-448E-AAA0-B1A35AB9551B}.0 = {35AFBABB-DF05-43DE-91A7-BB828A874015}
		{0F172B9C-E5D5-4EB1-BFDB-93D787A37461}.0 = {35AFBABB-DF05-43DE-91A7-BB828A874015}
		{7D0A20FE-40A6-4E64-AD26-5E34AE391DF4}.0 = {35AFBABB-DF05-43DE-91A7-BB828A874015}
		{EDD4B978-5ABA-448B-8DA7-A02F99714D66}.0 = {35AFBABB-DF05-43DE-91A7-BB828A874015}
		{EDD4B978-5ABA-448B-8DA7-A02F99714D66}.1 = {4464818A-0254-4EE1-AD81-154C399BBE54}
		{EDD4B978-5ABA-448B-8DA7-A02F99714D66}.2 = {80DECC17-BDDD-4412-8CF8-F7C1C17A7436}
		{EDD4B978-5ABA-448B-8DA7-A02F99714D66}.3 = {1C741C2F-3278-43D8-9FD2-E631A64B70AE}
		{EDD4B978-5ABA-448B-8DA7-A02F99714D66}.4 = {3AD3E5EF-0CC8-4A69-9827-7D42C270007F}
		{EDD4B978-5ABA-448B-8DA7-A02F99714D66}.5 = {3F34D3E2-677B-43FB-835A-E8C1C9474D34}
		{EDD4B978-5ABA-448B-8DA7-A02F99714D66}.6 = {9D5F0157-CC6C-465B-89E8-48A699A6299A}
		{EDD4B978-5ABA-448B-8DA7-A02F99714D66}.7 = {A6830BB5-9993-4F6D-8D4E-930F36A1B88F}
		{EDD4B978-5ABA-448B-8DA7-A02F99714D66}.8 = {C61A6060-5F0B-4B83-A0BC-678CCDA98FF6}
		{EDD4B978-5ABA-448B-8DA7-A02F99714D66}.9 = {4FCE5A80-E8AC-448E-AAA0-B1A35AB9551B}
		{EDD4B978-5ABA-448B-8DA7-A02F99714D66}.10 = {0F172B9C-E5D5-4EB1-BFDB-93D787A37461}
		{EDD4B978-5ABA-448B-8DA7-A02F99714D66}.11 = {7D0A20FE-40A6-4E64-AD26-5E34AE391DF4}
		{D5EAD9CA-691E-4367-BFCC-C671581851E4}.0 = {7D0A20FE-40A6-4E64-AD26-5E34AE391DF4}
		{D5EAD9CA-691E-4367-BFCC-C671581851E4}.1 = {0F172B9C-E5D5-4EB1-BFDB-93D787A37461}
		{D5EAD9CA-691E-4367-BFCC-C671581851E4}.2 = {4FCE5A80-E8AC-448E-AAA0-B1A35AB9551B}
		{D5EAD9CA-691E-4367-BFCC-C671581851E4}.3 = {C61A6060-5F0B-4B83-A0BC-678CCDA98FF6}
		{D5EAD9CA-691E-4367-BFCC-C671581851E4}.4 = {A6830BB5-9993-4F6D-8D4E-930F36A1B88F}
		{D5EAD9CA-691E-4367-BFCC-C671581851E4}.5 = {9D5F0157-CC6C-465B-89E8-48A699A6299A}
		{D5EAD9CA-691E-4367-BFCC-C671581851E4}.6 = {3F34D3E2-677B-43FB-835A-E8C1C9474D34}
		{D5EAD9CA-691E-4367-BFCC-C671581851E4}.7 = {3AD3E5EF-0CC8-4A69-9827-7D42C270007F}
		{D5EAD9CA-691E-4367-BFCC-C671581851E4}.8 = {1C741C2F-3278-43D8-9FD2-E631A64B70AE}
		{D5EAD9CA-691E-4367-BFCC-C671581851E4}.9 = {80DECC17-BDDD-4412-8CF8-F7C1C17A7436}
		{D5EAD9CA-691E-4367-BFCC-C671581851E4}.10 = {4464818A-0254-4EE1-AD81-154C399BBE54}
		{D5EAD9CA-691E-4367-BFCC-C671581851E4}.11 = {35AFBABB-DF05-43DE-91A7-BB828A874015}
		{161D4349-5DB6-4BCC-A890-FC20A2BB181A}.0 = {7D0A20FE-40A6-4E64-AD26-5E34AE391DF4}
		{161D4349-5DB6-4BCC-A890-FC20A2BB181A}.1 = {0F172B9C-E5D5-4EB1-BFDB-93D787A37461}
		{161D4349-5DB6-4BCC-A890-FC20A2BB181A}.2 = {4FCE5A80-E8AC-448E-AAA0-B1A35AB9551B}
		{161D4349-5DB6-4BCC-A890-FC20A2BB181A}.3 = {C61A6060-5F0B-4B83-A0BC-678CCDA98FF6}
		{161D4349-5DB6-4BCC-A890-FC20A2BB181A}.4 = {A6830BB5-9993-4F6D-8D4E-930F36A1B88F}
		{161D4349-5DB6-4BCC-A890-FC20A2BB181A}.5 = {9D5F0157-CC6C-465B-89E8-48A699A6299A}
		{161D4349-5DB6-4BCC-A890-FC20A2BB181A}.6 = {3F34D3E2-677B-43FB-835A-E8C1C9474D34}
		{161D4349-5DB6-4BCC-A890-FC20A2BB181A}.7 = {3AD3E5EF-0CC8-4A69-9827-7D42C270007F}
		{161D4349-5DB6-4BCC-A890-FC20A2BB181A}.8 = {1C741C2F-3278-43D8-9FD2-E631A64B70AE}
		{161D4349-5DB6-4BCC-A890-FC20A2BB181A}.9 = {80DECC17-BDDD-4412-8CF8-F7C1C17A7436}
		{161D4349-5DB6-4BCC-A890-FC20A2BB181A}.10 = {4464818A-0254-4EE1-AD81-154C399BBE54}
		{161D4349-5DB6-4BCC-A890-FC20A2BB181A}.11 = {35AFBABB-DF05-43DE-91A7-BB828A874015}
		{A0C80324-EF9A-41AE-A833-1CC909C38ABB}.0 = {7D0A20FE-40A6-4E64-AD26-5E34AE391DF4}
		{A0C80324-EF9A-41AE-A833-1CC909C38ABB}.1 = {0F172B9C-E5D5-4EB1-BFDB-93D787A37461}
		{A0C80324-EF9A-41AE-A833-1CC909C38ABB}.2 = {4FCE5A80-E8AC-448E-AAA0-B1A35AB9551B}
		{A0C80324-EF9A-41AE-A833-1CC909C38ABB}.3 = {C61A6060-5F0B-4B83-A0BC-678CCDA98FF6}
		{A0C80324-EF9A-41AE-A833-1CC909C38ABB}.4 = {A6830BB5-9993-4F6D-8D4E-930F36A1B88F}
		{A0C80324-EF9A-41AE-A833-1CC909C38ABB}.5 = {9D5F0157-CC6C-465B-89E8-48A699A6299A}
		{A0C80324-EF9A-41AE-A833-1CC909C38ABB}.6 = {3F34D3E2-677B-43FB-835A-E8C1C9474D34}
		{A0C80324-EF9A-41AE-A833-1CC909C38ABB}.7 = {3AD3E5EF-0CC8-4A69-9827-7D42C270007F}
		{A0C80324-EF9A-41AE-A833-1CC909C38ABB}.8 = {1C741C2F-3278-43D8-9FD2-E631A64B70AE}
		{A0C80324-EF9A-41AE-A833-1CC909C38ABB}.9 = {80DECC17-BDDD-4412-8CF8-F7C1C17A7436}
		{A0C80324-EF9A-41AE-A833-1CC909C38ABB}.10 = {4464818A-0254-4EE1-AD81-154C399BBE54}
		{A0C80324-EF9A-41AE-A833-1CC909C38ABB}.11 = {35AFBABB-DF05-43DE-91A7-BB828A874015}
		{89C04C44-50A4-47E3-BA46-8EA257329C80}.0 = {7D0A20FE-40A6-4E64-AD26-5E34AE391DF4}
		{89C04C44-50A4-47E3-BA46-8EA257329C80}.1 = {0F172B9C-E5D5-4EB1-BFDB-93D787A37461}
		{89C04C44-50A4-47E3-BA46-8EA257329C80}.2 = {4FCE5A80-E8AC-448E-AAA0-B1A35AB9551B}
		{89C04C44-50A4-47E3-BA46-8EA257329C80}.3 = {C61A6060-5F0B-4B83-A0BC-678CCDA98FF6}
		{89C04C44-50A4-47E3-BA46-8EA257329C80}.4 = {A6830BB5-9993-4F6D-8D4E-930F36A1B88F}
		{89C04C44-50A4-47E3-BA46-8EA257329C80}.5 = {9D5F0157-CC6C-465B-89E8-48A699A6299A}
		{89C04C44-50A4-47E3-BA46-8EA257329C80}.6 = {3F34D3E2-677B-43FB-835A-E8C1C9474D34}
		{89C04C44-50A4-47E3-BA46-8EA257329C80}.7 = {3AD3E5EF-0CC8-4A69-9827-7D42C270007F}
		{89C04C44-50A4-47E3-BA46-8EA257329C80}.8 = {1C741C2F-3278-43D8-9FD2-E631A64B70AE}
		{89C04C44-50A4-47E3-BA46-8EA257329C80}.9 = {80DECC17-BDDD-4412-8CF8-F7C1C17A7436}
		{89C04C44-50A4-47E3-BA46-8EA257329C80}.10 = {4464818A-0254-4EE1-AD81-154C399BBE54}
		{89C04C44-50A4-47E3-BA46-8EA257329C80}.11 = {35AFBABB-DF05-43DE-91A7-BB828A874015}
		{279EA6C7-59CF-48E4-BAC7-3C356A8114F6}.0 = {7D0A20FE-40A6-4E64-AD26-5E34AE391DF4}
		{279EA6C7-59CF-48E4-BAC7-3C356A8114F6}.1 = {0F172B9C-E5D5-4EB1-BFDB-93D787A37461}
		{279EA6C7-59CF-48E4-BAC7-3C356A8114F6}.2 = {4FCE5A80-E8AC-448E-AAA0-B1A35AB9551B}
		{279EA6C7-59CF-48E4-BAC7-3C356A8114F6}.3 = {C61A6060-5F0B-4B83-A0BC-678CCDA98FF6}
		{279EA6C7-59CF-48E4-BAC7-3C356A8114F6}.4 = {A6830BB5-9993-4F6D-8D4E-930F36A1B88F}
		{279EA6C7-59CF-48E4-BAC7-3C356A8114F6}.5 = {9D5F0157-CC6C-465B-89E8-48A699A6299A}
		{279EA6C7-59CF-48E4-BAC7-3C356A8114F6}.6 = {3F34D3E2-677B-43FB-835A-E8C1C9474D34}
		{279EA6C7-59CF-48E4-BAC7-3C356A8114F6}.7 = {3AD3E5EF-0CC8-4A69-9827-7D42C270007F}
		{279EA6C7-59CF-48E4-BAC7-3C356A8114F6}.8 = {1C741C2F-3278-43D8-9FD2-E631A64B70AE}
		{279EA6C7-59CF-48E4-BAC7-3C356A8114F6}.9 = {80DECC17-BDDD-4412-8CF8-F7C1C17A7436}
		{279EA6C7-59CF-48E4-BAC7-3C356A8114F6}.10 = {4464818A-0254-4EE1-AD81-154C399BBE54}
		{279EA6C7-59CF-48E4-BAC7-3C356A8114F6}.11 = {35AFBABB-DF05-43DE-91A7-BB828A874015}
		{40308138-609B-4162-AA55-E8E02BF207F0}.0 = {7D0A20FE-40A6-4E64-AD26-5E34AE391DF4}
		{40308138-609B-4162-AA55-E8E02BF207F0}.1 = {0F172B9C-E5D5-4EB1-BFDB-93D787A37461}
		{40308138-609B-4162-AA55-E8E02BF207F0}.2 = {4FCE5A80-E8AC-448E-AAA0-B1A35AB9551B}
		{40308138-609B-4162-AA55-E8E02BF207F0}.3 = {C61A6060-5F0B-4B83-A0BC-678CCDA98FF6}
		{40308138-609B-4162-AA55-E8E02BF207F0}.4 = {A6830BB5-9993-4F6D-8D4E-930F36A1B88F}
		{40308138-609B-4162-AA55-E8E02BF207F0}.5 = {9D5F0157-CC6C-465B-89E8-48A699A6299A}
		{40308138-609B-4162-AA55-E8E02BF207F0}.6 = {3F34D3E2-677B-43FB-835A-E8C1C9474D34}
		{40308138-609B-4162-AA55-E8E02BF207F0}.7 = {3AD3E5EF-0CC8-4A69-9827-7D42C270007F}
		{40308138-609B-4162-AA55-E8E02BF207F0}.8 = {1C741C2F-3278-43D8-9FD2-E631A64B70AE}
		{40308138-609B-4162-AA55-E8E02BF207F0}.9 = {80DECC17-BDDD-4412-8CF8-F7C1C17A7436}
		{40308138-609B-4162-AA55-E8E02BF207F0}.10 = {4464818A-0254-4EE1-AD81-154C399BBE54}
		{40308138-609B-4162-AA55-E8E02BF207F0}.11 = {35AFBABB-DF05-43DE-91A7-BB828A874015}
		{B5E6BAD4-960F-418B-8904-FE93EC51947B}.0 = {7D0A20FE-40A6-4E64-AD26-5E34AE391DF4}
		{B5E6BAD4-960F-418B-8904-FE93EC51947B}.1 = {0F172B9C-E5D5-4EB1-BFDB-93D787A37461}
		{B5E6BAD4-960F-418B-8904-FE93EC51947B}.2 = {4FCE5A80-E8AC-448E-AAA0-B1A35AB9551B}
		{B5E6BAD4-960F-418B-8904-FE93EC51947B}.3 = {C61A6060-5F0B-4B83-A0BC-678CCDA98FF6}
		{B5E6BAD4-960F-418B-8904-FE93EC51947B}.4 = {A6830BB5-9993-4F6D-8D4E-930F36A1B88F}
		{B5E6BAD4-960F-418B-8904-FE93EC51947B}.5 = {9D5F0157-CC6C-465B-89E8-48A699A6299A}
		{B5E6BAD4-960F-418B-8904-FE93EC51947B}.6 = {3F34D3E2-677B-43FB-835A-E8C1C9474D34}
		{B5E6BAD4-960F-418B-8904-FE93EC51947B}.7 = {3AD3E5EF-0CC8-4A69-9827-7D42C270007F}
		{B5E6BAD4-960F-418B-8904-FE93EC51947B}.8 = {1C741C2F-3278-43D8-9FD2-E631A64B70AE}
		{B5E6BAD4-960F-418B-8904-FE93EC51947B}.9 = {80DECC17-BDDD-4412-8CF8-F7C1C17A7436}
		{B5E6BAD4-960F-418B-8904-FE93EC51947B}.10 = {4464818A-0254-4EE1-AD81-154C399BBE54}
		{B5E6BAD4-960F-418B-8904-FE93EC51947B}.11 = {35AFBABB-DF05-43DE-91A7-BB828A874015}
		{0F83CA41-4364-49FF-A230-613B08B5CF82}.0 = {7D0A20FE-40A6-4E64-AD26-5E34AE391DF4}
		{0F83CA41-4364-49FF-A230-613B08B5CF82}.1 = {0F172B9C-E5D5-4EB1-BFDB-93D787A37461}
		{0F83CA41-4364-49FF-A230-613B08B5CF82}.2 = {4FCE5A80-E8AC-448E-AAA0-B1A35AB9551B}
		{0F83CA41-4364-49FF-A230-613B08B5CF82}.3 = {C61A6060-5F0B-4B83-A0BC-678CCDA98FF6}
		{0F83CA41-4364-49FF-A230-613B08B5CF82}.4 = {A6830BB5-9993-4F6D-8D4E-930F36A1B88F}
		{0F83CA41-4364-49FF-A230-613B08B5CF82}.5 = {9D5F0157-CC6C-465B-89E8-48A699A6299A}
		{0F83CA41-4364-49FF-A230-613B08B5CF82}.6 = {3F34D3E2-677B-43FB-835A-E8C1C9474D34}
		{0F83CA41-4364-49FF-A230-613B08B5CF82}.7 = {3AD3E5EF-0CC8-4A69-9827-7D42C270007F}
		{0F83CA41-4364-49FF-A230-613B08B5CF82}.8 = {1C741C2F-3278-43D8-9FD2-E631A64B70AE}
		{0F83CA41-4364-49FF-A230-613B08B5CF82}.9 = {80DECC17-BDDD-4412-8CF8-F7C1C17A7436}
		{0F83CA41-4364-49FF-A230-613B08B5CF82}.10 = {4464818A-0254-4EE1-AD81-154C399BBE54}
		{0F83CA41-4364-49FF-A230-613B08B5CF82}.11 = {35AFBABB-DF05-43DE-91A7-BB828A874015}
		{09F9E809-02CF-4926-8203-2B9C02FBD916}.0 = {7D0A20FE-40A6-4E64-AD26-5E34AE391DF4}
		{09F9E809-02CF-4926-8203-2B9C02FBD916}.1 = {0F172B9C-E5D5-4EB1-BFDB-93D787A37461}
		{09F9E809-02CF-4926-8203-2B9C02FBD916}.2 = {4FCE5A80-E8AC-448E-AAA0-B1A35AB9551B}
		{09F9E809-02CF-4926-8203-2B9C02FBD916}.3 = {C61A6060-5F0B-4B83-A0BC-678CCDA98FF6}
		{09F9E809-02CF-4926-8203-2B9C02FBD916}.4 = {A6830BB5-9993-4F6D-8D4E-930F36A1B88F}
		{09F9E809-02CF-4926-8203-2B9C02FBD916}.5 = {9D5F0157-CC6C-465B-89E8-48A699A6299A}
		{09F9E809-02CF-4926-8203-2B9C02FBD916}.6 = {3F34D3E2-677B-43FB-835A-E8C1C9474D34}
		{09F9E809-02CF-4926-8203-2B9C02FBD916}.7 = {3AD3E5EF-0CC8-4A69-9827-7D42C270007F}
		{09F9E809-02CF-4926-8203-2B9C02FBD916}.8 = {1C741C2F-3278-43D8-9FD2-E631A64B70AE}
		{09F9E809-02CF-4926-8203-2B9C02FBD916}.9 = {80DECC17-BDDD-4412-8CF8-F7C1C17A7436}
		{09F9E809-02CF-4926-8203-2B9C02FBD916}.10 = {4464818A-0254-4EE1-AD81-154C399BBE54}
		{09F9E809-02CF-4926-8203-2B9C02FBD916}.11 = {35AFBABB-DF05-43DE-91A7-BB828A874015}
		{A5DF6866-2C4A-4A55-8981-7D819F3DAE4C}.0 = {7D0A20FE-40A6-4E64-AD26-5E34AE391DF4}
		{A5DF6866-2C4A-4A55-8981-7D819F3DAE4C}.1 = {0F172B9C-E5D5-4EB1-BFDB-93D787A37461}
		{A5DF6866-2C4A-4A55-8981-7D819F3DAE4C}.2 = {4FCE5A80-E8AC-448E-AAA0-B1A35AB9551B}
		{A5DF6866-2C4A-4A55-8981-7D819F3DAE4C}.3 = {C61A6060-5F0B-4B83-A0BC-678CCDA98FF6}
		{A5DF6866-2C4A-4A55-8981-7D819F3DAE4C}.4 = {A6830BB5-9993-4F6D-8D4E-930F36A1B88F}
		{A5DF6866-2C4A-4A55-8981-7D819F3DAE4C}.5 = {9D5F0157-CC6C-465B-89E8-48A699A6299A}
		{A5DF6866-2C4A-4A55-8981-7D819F3DAE4C}.6 = {3F34D3E2-677B-43FB-835A-E8C1C9474D34}
		{A5DF6866-2C4A-4A55-8981-7D819F3DAE4C}.7 = {3AD3E5EF-0CC8-4A69-9827-7D42C270007F}
		{A5DF6866-2C4A-4A55-8981-7D819F3DAE4C}.8 = {1C741C2F-3278-43D8-9FD2-E631A64B70AE}
		{A5DF6866-2C4A-4A55-8981-7D819F3DAE4C}.9 = {80DECC17-BDDD-4412-8CF8-F7C1C17A7436}
		{A5DF6866-2C4A-4A55-8981-7D819F3DAE4C}.10 = {4464818A-0254-4EE1-AD81-154C399BBE54}
		{A5DF6866-2C4A-4A55-8981-7D819F3DAE4C}.11 = {35AFBABB-DF05-43DE-91A7-BB828A874015}
		{74204563-3B14-42A3-B9E6-8E3201D571BC}.0 = {7D0A20FE-40A6-4E64-AD26-5E34AE391DF4}
		{74204563-3B14-42A3-B9E6-8E3201D571BC}.1 = {0F172B9C-E5D5-4EB1-BFDB-93D787A37461}
		{74204563-3B14-42A3-B9E6-8E3201D571BC}.2 = {4FCE5A80-E8AC-448E-AAA0-B1A35AB9551B}
		{74204563-3B14-42A3-B9E6-8E3201D571BC}.3 = {C61A6060-5F0B-4B83-A0BC-678CCDA98FF6}
		{74204563-3B14-42A3-B9E6-8E3201D571BC}.4 = {A6830BB5-9993-4F6D-8D4E-930F36A1B88F}
		{74204563-3B14-42A3-B9E6-8E3201D571BC}.5 = {9D5F0157-CC6C-465B-89E8-48A699A6299A}
		{74204563-3B14-42A3-B9E6-8E3201D571BC}.6 = {3F34D3E2-677B-43FB-835A-E8C1C9474D34}
		{74204563-3B14-42A3-B9E6-8E3201D571BC}.7 = {3AD3E5EF-0CC8-4A69-9827-7D42C270007F}
		{74204563-3B14-42A3-B9E6-8E3201D571BC}.8 = {1C741C2F-3278-43D8-9FD2-E631A64B70AE}
		{74204563-3B14-42A3-B9E6-8E3201D571BC}.9 = {80DECC17-BDDD-4412-8CF8-F7C1C17A7436}
		{74204563-3B14-42A3-B9E6-8E3201D571BC}.10 = {4464818A-0254-4EE1-AD81-154C399BBE54}
		{74204563-3B14-42A3-B9E6-8E3201D571BC}.11 = {35AFBABB-DF05-43DE-91A7-BB828A874015}
		{109F610E-9B23-4D05-819E-A7F27A42AA94}.0 = {7D0A20FE-40A6-4E64-AD26-5E34AE391DF4}
		{109F610E-9B23-4D05-819E-A7F27A42AA94}.1 = {0F172B9C-E5D5-4EB1-BFDB-93D787A37461}
		{109F610E-9B23-4D05-819E-A7F27A42AA94}.2 = {4FCE5A80-E8AC-448E-AAA0-B1A35AB9551B}
		{109F610E-9B23-4D05-819E-A7F27A42AA94}.3 = {C61A6060-5F0B-4B83-A0BC-678CCDA98FF6}
		{109F610E-9B23-4D05-819E-A7F27A42AA94}.4 = {A6830BB5-9993-4F6D-8D4E-930F36A1B88F}
		{109F610E-9B23-4D05-819E-A7F27A42AA94}.5 = {9D5F0157-CC6C-465B-89E8-48A699A6299A}
		{109F610E-9B23-4D05-819E-A7F27A42AA94}.6 = {3F34D3E2-677B-43FB-835A-E8C1C9474D34}
		{109F610E-9B23-4D05-819E-A7F27A42AA94}.7 = {3AD3E5EF-0CC8-4A69-9827-7D42C270007F}
		{109F610E-9B23-4D05-819E-A7F27A42AA94}.8 = {1C741C2F-3278-43D8-9FD2-E631A64B70AE}
		{109F610E-9B23-4D05-819E-A7F27A42AA94}.9 = {80DECC17-BDDD-4412-8CF8-F7C1C17A7436}
		{109F610E-9B23-4D05-819E-A7F27A42AA94}.10 = {4464818A-0254-4EE1-AD81-154C399BBE54}
		{109F610E-9B23-4D05-819E-A7F27A42AA94}.11 = {35AFBABB-DF05-43DE-91A7-BB828A874015}
		{43E76713-7E47-4AB0-A2FE-F4296B5C3EF8}.0 = {7D0A20FE-40A6-4E64-AD26-5E34AE391DF4}
		{43E76713-7E47-4AB0-A2FE-F4296B5C3EF8}.1 = {0F172B9C-E5D5-4EB1-BFDB-93D787A37461}
		{43E76713-7E47-4AB0-A2FE-F4296B5C3EF8}.2 = {4FCE5A80-E8AC-448E-AAA0-B1A35AB9551B}
		{43E76713-7E47-4AB0-A2FE-F4296B5C3EF8}.3 = {C61A6060-5F0B-4B83-A0BC-678CCDA98FF6}
		{43E76713-7E47-4AB0-A2FE-F4296B5C3EF8}.4 = {A6830BB5-9993-4F6D-8D4E-930F36A1B88F}
		{43E76713-7E47-4AB0-A2FE-F4296B5C3EF8}.5 = {9D5F0157-CC6C-465B-89E8-48A699A6299A}
		{43E76713-7E47-4AB0-A2FE-F4296B5C3EF8}.6 = {3F34D3E2-677B-43FB-835A-E8C1C9474D34}
		{43E76713-7E47-4AB0-A2FE-F4296B5C3EF8}.7 = {3AD3E5EF-0CC8-4A69-9827-7D42C270007F}
		{43E76713-7E47-4AB0-A2FE-F4296B5C3EF8}.8 = {1C741C2F-3278-43D8-9FD2-E631A64B70AE}
		{43E76713-7E47-4AB0-A2FE-F4296B5C3EF8}.9 = {80DECC17-BDDD-4412-8CF8-F7C1C17A7436}
		{43E76713-7E47-4AB0-A2FE-F4296B5C3EF8}.10 = {4464818A-0254-4EE1-AD81-154C399BBE54}
		{43E76713-7E47-4AB0-A2FE-F4296B5C3EF8}.11 = {35AFBABB-DF05-43DE-91A7-BB828A874015}
		{BC7E19F4-4B5D-4549-B473-E234011B6719}.0 = {7D0A20FE-40A6-4E64-AD26-5E34AE391DF4}
		{BC7E19F4-4B5D-4549-B473-E234011B6719}.1 = {0F172B9C-E5D5-4EB1-BFDB-93D787A37461}
		{BC7E19F4-4B5D-4549-B473-E234011B6719}.2 = {4FCE5A80-E8AC-448E-AAA0-B1A35AB9551B}
		{BC7E19F4-4B5D-4549-B473-E234011B6719}.3 = {C61A6060-5F0B-4B83-A0BC-678CCDA98FF6}
		{BC7E19F4-4B5D-4549-B473-E234011B6719}.4 = {A6830BB5-9993-4F6D-8D4E-930F36A1B88F}
		{BC7E19F4-4B5D-4549-B473-E234011B6719}.5 = {9D5F0157-CC6C-465B-89E8-48A699A6299A}
		{BC7E19F4-4B5D-4549-B473-E234011B6719}.6 = {3F34D3E2-677B-43FB-835A-E8C1C9474D34}
		{BC7E19F4-4B5D-4549-B473-E234011B6719}.7 = {3AD3E5EF-0CC8-4A69-9827-7D42C270007F}
		{BC7E19F4-4B5D-4549-B473-E234011B6719}.8 = {1C741C2F-3278-43D8-9FD2-E631A64B70AE}
		{BC7E19F4-4B5D-4549-B473-E234011B6719}.9 = {80DECC17-BDDD-4412-8CF8-F7C1C17A7436}
		{BC7E19F4-4B5D-4549-B473-E234011B6719}.10 = {4464818A-0254-4EE1-AD81-154C399BBE54}
		{BC7E19F4-4B5D-4549-B473-E234011B6719}.11 = {35AFBABB-DF05-43DE-91A7-BB828A874015}
		{C9AF3D1F-44A3-413A-B137-264C6D559CED}.0 = {7D0A20FE-40A6-4E64-AD26-5E34AE391DF4}
		{C9AF3D1F-44A3-413A-B137-264C6D559CED}.1 = {0F172B9C-E5D5-4EB1-BFDB-93D787A37461}
		{C9AF3D1F-44A3-413A-B137-264C6D559CED}.2 = {4FCE5A80-E8AC-448E-AAA0-B1A35AB9551B}
		{C9AF3D1F-44A3-413A-B137-264C6D559CED}.3 = {C61A6060-5F0B-4B83-A0BC-678CCDA98FF6}
		{C9AF3D1F-44A3-413A-B137-264C6D559CED}.4 = {A6830BB5-9993-4F6D-8D4E-930F36A1B88F}
		{C9AF3D1F-44A3-413A-B137-264C6D559CED}.5 = {9D5F0157-CC6C-465B-89E8-48A699A6299A}
		{C9AF3D1F-44A3-413A-B137-264C6D559CED}.6 = {3F34D3E2-677B-43FB-835A-E8C1C9474D34}
		{C9AF3D1F-44A3-413A-B137-264C6D559CED}.7 = {3AD3E5EF-0CC8-4A69-9827-7D42C270007F}
		{C9AF3D1F-44A3-413A-B137-264C6D559CED}.8 = {1C741C2F-3278-43D8-9FD2-E631A64B70AE}
		{C9AF3D1F-44A3-413A-B137-264C6D559CED}.9 = {80DECC17-BDDD-4412-8CF8-F7C1C17A7436}
		{C9AF3D1F-44A3-413A-B137-264C6D559CED}.10 = {4464818A-0254-4EE1-AD81-154C399BBE54}
		{C9AF3D1F-44A3-413A-B137-264C6D559CED}.11 = {35AFBABB-DF05-43DE-91A7-BB828A874015}
		{2EF34790-42A6-4722-925A-8255120A90E3}.0 = {7D0A20FE-40A6-4E64-AD26-5E34AE391DF4}
		{2EF34790-42A6-4722-925A-8255120A90E3}.1 = {0F172B9C-E5D5-4EB1-BFDB-93D787A37461}
		{2EF34790-42A6-4722-925A-8255120A90E3}.2 = {4FCE5A80-E8AC-448E-AAA0-B1A35AB9551B}
		{2EF34790-42A6-4722-925A-8255120A90E3}.3 = {C61A6060-5F0B-4B83-A0BC-678CCDA98FF6}
		{2EF34790-42A6-4722-925A-8255120A90E3}.4 = {A6830BB5-9993-4F6D-8D4E-930F36A1B88F}
		{2EF34790-42A6-4722-925A-8255120A90E3}.5 = {9D5F0157-CC6C-465B-89E8-48A699A6299A}
		{2EF34790-42A6-4722-925A-8255120A90E3}.6 = {3F34D3E2-677B-43FB-835A-E8C1C9474D34}
		{2EF34790-42A6-4722-925A-8255120A90E3}.7 = {3AD3E5EF-0CC8-4A69-9827-7D42C270007F}
		{2EF34790-42A6-4722-925A-8255120A90E3}.8 = {1C741C2F-3278-43D8-9FD2-E631A64B70AE}
		{2EF34790-42A6-4722-925A-8255120A90E3}.9 = {80DECC17-BDDD-4412-8CF8-F7C1C17A7436}
		{2EF34790-42A6-4722-925A-8255120A90E3}.10 = {4464818A-0254-4EE1-AD81-154C399BBE54}
		{2EF34790-42A6-4722-925A-8255120A90E3}.11 = {35AFBABB-DF05-43DE-91A7-BB828A874015}
		{86B4ED07-3D95-45C3-B387-512046E95C68}.0 = {7D0A20FE-40A6-4E64-AD26-5E34AE391DF4}
		{86B4ED07-3D95-45C3-B387-512046E95C68}.1 = {0F172B9C-E5D5-4EB1-BFDB-93D787A37461}
		{86B4ED07-3D95-45C3-B387-512046E95C68}.2 = {4FCE5A80-E8AC-448E-AAA0-B1A35AB9551B}
		{86B4ED07-3D95-45C3-B387-512046E95C68}.3 = {C61A6060-5F0B-4B83-A0BC-678CCDA98FF6}
		{86B4ED07-3D95-45C3-B387-512046E95C68}.4 = {A6830BB5-9993-4F6D-8D4E-930F36A1B88F}
		{86B4ED07-3D95-45C3-B387-512046E95C68}.5 = {9D5F0157-CC6C-465B-89E8-48A699A6299A}
		{86B4ED07-3D95-45C3-B387-512046E95C68}.6 = {3F34D3E2-677B-43FB-835A-E8C1C9474D34}
		{86B4ED07-3D95-45C3-B387-512046E95C68}.7 = {3AD3E5EF-0CC8-4A69-9827-7D42C270007F}
		{86B4ED07-3D95-45C3-B387-512046E95C68}.8 = {1C741C2F-3278-43D8-9FD2-E631A64B70AE}
		{86B4ED07-3D95-45C3-B387-512046E95C68}.9 = {80DECC17-BDDD-4412-8CF8-F7C1C17A7436}
		{86B4ED07-3D95-45C3-B387-512046E95C68}.10 = {4464818A-0254-4EE1-AD81-154C399BBE54}
		{86B4ED07-3D95-45C3-B387-512046E95C68}.11 = {35AFBABB-DF05-43DE-91A7-BB828A874015}
		{1BB416AA-358A-4B4B-B565-14CE1BF9D4FD}.0 = {7D0A20FE-40A6-4E64-AD26-5E34AE391DF4}
		{1BB416AA-358A-4B4B-B565-14CE1BF9D4FD}.1 = {0F172B9C-E5D5-4EB1-BFDB-93D787A37461}
		{1BB416AA-358A-4B4B-B565-14CE1BF9D4FD}.2 = {4FCE5A80-E8AC-448E-AAA0-B1A35AB9551B}
		{1BB416AA-358A-4B4B-B565-14CE1BF9D4FD}.3 = {C61A6060-5F0B-4B83-A0BC-678CCDA98FF6}
		{1BB416AA-358A-4B4B-B565-14CE1BF9D4FD}.4 = {A6830BB5-9993-4F6D-8D4E-930F36A1B88F}
		{1BB416AA-358A-4B4B-B565-14CE1BF9D4FD}.5 = {9D5F0157-CC6C-465B-89E8-48A699A6299A}
		{1BB416AA-358A-4B4B-B565-14CE1BF9D4FD}.6 = {3F34D3E2-677B-43FB-835A-E8C1C9474D34}
		{1BB416AA-358A-4B4B-B565-14CE1BF9D4FD}.7 = {3AD3E5EF-0CC8-4A69-9827-7D42C270007F}
		{1BB416AA-358A-4B4B-B565-14CE1BF9D4FD}.8 = {1C741C2F-3278-43D8-9FD2-E631A64B70AE}
		{1BB416AA-358A-4B4B-B565-14CE1BF9D4FD}.9 = {80DECC17-BDDD-4412-8CF8-F7C1C17A7436}
		{1BB416AA-358A-4B4B-B565-14CE1BF9D4FD}.10 = {4464818A-0254-4EE1-AD81-154C399BBE54}
		{1BB416AA-358A-4B4B-B565-14CE1BF9D4FD}.11 = {35AFBABB-DF05-43DE-91A7-BB828A874015}
		{4C359709-9A70-4ED8-9071-8BCF1BCD83E7}.0 = {7D0A20FE-40A6-4E64-AD26-5E34AE391DF4}
		{4C359709-9A70-4ED8-9071-8BCF1BCD83E7}.1 = {0F172B9C-E5D5-4EB1-BFDB-93D787A37461}
		{4C359709-9A70-4ED8-9071-8BCF1BCD83E7}.2 = {4FCE5A80-E8AC-448E-AAA0-B1A35AB9551B}
		{4C359709-9A70-4ED8-9071-8BCF1BCD83E7}.3 = {C61A6060-5F0B-4B83-A0BC-678CCDA98FF6}
		{4C359709-9A70-4ED8-9071-8BCF1BCD83E7}.4 = {A6830BB5-9993-4F6D-8D4E-930F36A1B88F}
		{4C359709-9A70-4ED8-9071-8BCF1BCD83E7}.5 = {9D5F0157-CC6C-465B-89E8-48A699A6299A}
		{4C359709-9A70-4ED8-9071-8BCF1BCD83E7}.6 = {3F34D3E2-677B-43FB-835A-E8C1C9474D34}
		{4C359709-9A70-4ED8-9071-8BCF1BCD83E7}.7 = {3AD3E5EF-0CC8-4A69-9827-7D42C270007F}
		{4C359709-9A70-4ED8-9071-8BCF1BCD83E7}.8 = {1C741C2F-3278-43D8-9FD2-E631A64B70AE}
		{4C359709-9A70-4ED8-9071-8BCF1BCD83E7}.9 = {80DECC17-BDDD-4412-8CF8-F7C1C17A7436}
		{4C359709-9A70-4ED8-9071-8BCF1BCD83E7}.10 = {4464818A-0254-4EE1-AD81-154C399BBE54}
		{4C359709-9A70-4ED8-9071-8BCF1BCD83E7}.11 = {35AFBABB-DF05-43DE-91A7-BB828A874015}
		{AB50ACAA-ADE7-4554-B56B-68991C41D29A}.0 = {7D0A20FE-40A6-4E64-AD26-5E34AE391DF4}
		{AB50ACAA-ADE7-4554-B56B-68991C41D29A}.1 = {0F172B9C-E5D5-4EB1-BFDB-93D787A37461}
		{AB50ACAA-ADE7-4554-B56B-68991C41D29A}.2 = {4FCE5A80-E8AC-448E-AAA0-B1A35AB9551B}
		{AB50ACAA-ADE7-4554-B56B-68991C41D29A}.3 = {C61A6060-5F0B-4B83-A0BC-678CCDA98FF6}
		{AB50ACAA-ADE7-4554-B56B-68991C41D29A}.4 = {A6830BB5-9993-4F6D-8D4E-930F36A1B88F}
		{AB50ACAA-ADE7-4554-B56B-68991C41D29A}.5 = {9D5F0157-CC6C-465B-89E8-48A699A6299A}
		{AB50ACAA-ADE7-4554-B56B-68991C41D29A}.6 = {3F34D3E2-677B-43FB-835A-E8C1C9474D34}
		{AB50ACAA-ADE7-4554-B56B-68991C41D29A}.7 = {3AD3E5EF-0CC8-4A69-9827-7D42C270007F}
		{AB50ACAA-ADE7-4554-B56B-68991C41D29A}.8 = {1C741C2F-3278-43D8-9FD2-E631A64B70AE}
		{AB50ACAA-ADE7-4554-B56B-68991C41D29A}.9 = {80DECC17-BDDD-4412-8CF8-F7C1C17A7436}
		{AB50ACAA-ADE7-4554-B56B-68991C41D29A}.10 = {4464818A-0254-4EE1-AD81-154C399BBE54}
		{AB50ACAA-ADE7-4554-B56B-68991C41D29A}.11 = {35AFBABB-DF05-43DE-91A7-BB828A874015}
		{C7167FBD-F166-4DEA-B50B-9F25E28B75F6}.0 = {7D0A20FE-40A6-4E64-AD26-5E34AE391DF4}
		{C7167FBD-F166-4DEA-B50B-9F25E28B75F6}.1 = {0F172B9C-E5D5-4EB1-BFDB-93D787A37461}
		{C7167FBD-F166-4DEA-B50B-9F25E28B75F6}.2 = {4FCE5A80-E8AC-448E-AAA0-B1A35AB9551B}
		{C7167FBD-F166-4DEA-B50B-9F25E28B75F6}.3 = {C61A6060-5F0B-4B83-A0BC-678CCDA98FF6}
		{C7167FBD-F166-4DEA-B50B-9F25E28B75F6}.4 = {A6830BB5-9993-4F6D-8D4E-930F36A1B88F}
		{C7167FBD-F166-4DEA-B50B-9F25E28B75F6}.5 = {9D5F0157-CC6C-465B-89E8-48A699A6299A}
		{C7167FBD-F166-4DEA-B50B-9F25E28B75F6}.6 = {3F34D3E2-677B-43FB-835A-E8C1C9474D34}
		{C7167FBD-F166-4DEA-B50B-9F25E28B75F6}.7 = {3AD3E5EF-0CC8-4A69-9827-7D42C270007F}
		{C7167FBD-F166-4DEA-B50B-9F25E28B75F6}.8 = {1C741C2F-3278-43D8-9FD2-E631A64B70AE}
		{C7167FBD-F166-4DEA-B50B-9F25E28B75F6}.9 = {80DECC17-BDDD-4412-8CF8-F7C1C17A7436}
		{C7167FBD-F166-4DEA-B50B-9F25E28B75F6}.10 = {4464818A-0254-4EE1-AD81-154C399BBE54}
		{C7167FBD-F166-4DEA-B50B-9F25E28B75F6}.11 = {35AFBABB-DF05-43DE-91A7-BB828A874015}
		{2BA1BBEE-CE27-48D6-A89D-EBAA81D40B6D}.0 = {35AFBABB-DF05-43DE-91A7-BB828A874015}
		{6B3CABED-0D07-4AF0-8931-929B9B28BA8B}.0 = {35AFBABB-DF05-43DE-91A7-BB828A874015}
		{D4929E45-2A25-4F53-96A1-E1BCD91D9B6A}.0 = {35AFBABB-DF05-43DE-91A7-BB828A874015}
		{B4FB6BCF-FA5A-42C2-9FA5-F1653B95ADE3}.0 = {35AFBABB-DF05-43DE-91A7-BB828A874015}
		{F6C5DBF5-AD48-4F33-B824-595092CFE850}.0 = {35AFBABB-DF05-43DE-91A7-BB828A874015}
		{F6C5DBF5-AD48-4F33-B824-595092CFE850}.1 = {4464818A-0254-4EE1-AD81-154C399BBE54}
		{F6C5DBF5-AD48-4F33-B824-595092CFE850}.2 = {80DECC17-BDDD-4412-8CF8-F7C1C17A7436}
		{F6C5DBF5-AD48-4F33-B824-595092CFE850}.3 = {1C741C2F-3278-43D8-9FD2-E631A64B70AE}
		{F6C5DBF5-AD48-4F33-B824-595092CFE850}.4 = {3AD3E5EF-0CC8-4A69-9827-7D42C270007F}
		{F6C5DBF5-AD48-4F33-B824-595092CFE850}.5 = {3F34D3E2-677B-43FB-835A-E8C1C9474D34}
		{F6C5DBF5-AD48-4F33-B824-595092CFE850}.6 = {9D5F0157-CC6C-465B-89E8-48A699A6299A}
		{F6C5DBF5-AD48-4F33-B824-595092CFE850}.7 = {A6830BB5-9993-4F6D-8D4E-930F36A1B88F}
		{F6C5DBF5-AD48-4F33-B824-595092CFE850}.8 = {C61A6060-5F0B-4B83-A0BC-678CCDA98FF6}
		{F6C5DBF5-AD48-4F33-B824-595092CFE850}.9 = {4FCE5A80-E8AC-448E-AAA0-B1A35AB9551B}
		{F6C5DBF5-AD48-4F33-B824-595092CFE850}.10 = {0F172B9C-E5D5-4EB1-BFDB-93D787A37461}
		{F6C5DBF5-AD48-4F33-B824-595092CFE850}.11 = {7D0A20FE-40A6-4E64-AD26-5E34AE391DF4}
	EndGlobalSection
	GlobalSection(ProjectConfiguration) = postSolution
		{35AFBABB-DF05-43DE-91A7-BB828A874015}.Debug.ActiveCfg = Debug|Win32
		{35AFBABB-DF05-43DE-91A7-BB828A874015}.Debug.Build.0 = Debug|Win32
		{35AFBABB-DF05-43DE-91A7-BB828A874015}.Release.ActiveCfg = Release|Win32
		{35AFBABB-DF05-43DE-91A7-BB828A874015}.Release.Build.0 = Release|Win32
		{4464818A-0254-4EE1-AD81-154C399BBE54}.Debug.ActiveCfg = Debug|Win32
		{4464818A-0254-4EE1-AD81-154C399BBE54}.Debug.Build.0 = Debug|Win32
		{4464818A-0254-4EE1-AD81-154C399BBE54}.Release.ActiveCfg = Release|Win32
		{4464818A-0254-4EE1-AD81-154C399BBE54}.Release.Build.0 = Release|Win32
		{80DECC17-BDDD-4412-8CF8-F7C1C17A7436}.Debug.ActiveCfg = Debug|Win32
		{80DECC17-BDDD-4412-8CF8-F7C1C17A7436}.Debug.Build.0 = Debug|Win32
		{80DECC17-BDDD-4412-8CF8-F7C1C17A7436}.Release.ActiveCfg = Release|Win32
		{80DECC17-BDDD-4412-8CF8-F7C1C17A7436}.Release.Build.0 = Release|Win32
		{1C741C2F-3278-43D8-9FD2-E631A64B70AE}.Debug.ActiveCfg = Debug|Win32
		{1C741C2F-3278-43D8-9FD2-E631A64B70AE}.Debug.Build.0 = Debug|Win32
		{1C741C2F-3278-43D8-9FD2-E631A64B70AE}.Release.ActiveCfg = Release|Win32
		{1C741C2F-3278-43D8-9FD2-E631A64B70AE}.Release.Build.0 = Release|Win32
		{3AD3E5EF-0CC8-4A69-9827-7D42C270007F}.Debug.ActiveCfg = Debug|Win32
		{3AD3E5EF-0CC8-4A69-9827-7D42C270007F}.Debug.Build.0 = Debug|Win32
		{3AD3E5EF-0CC8-4A69-9827-7D42C270007F}.Release.ActiveCfg = Release|Win32
		{3AD3E5EF-0CC8-4A69-9827-7D42C270007F}.Release.Build.0 = Release|Win32
		{3F34D3E2-677B-43FB-835A-E8C1C9474D34}.Debug.ActiveCfg = Debug|Win32
		{3F34D3E2-677B-43FB-835A-E8C1C9474D34}.Debug.Build.0 = Debug|Win32
		{3F34D3E2-677B-43FB-835A-E8C1C9474D34}.Release.ActiveCfg = Release|Win32
		{3F34D3E2-677B-43FB-835A-E8C1C9474D34}.Release.Build.0 = Release|Win32
		{9D5F0157-CC6C-465B-89E8-48A699A6299A}.Debug.ActiveCfg = Debug|Win32
		{9D5F0157-CC6C-465B-89E8-48A699A6299A}.Debug.Build.0 = Debug|Win32
		{9D5F0157-CC6C-465B-89E8-48A699A6299A}.Release.ActiveCfg = Release|Win32
		{9D5F0157-CC6C-465B-89E8-48A699A6299A}.Release.Build.0 = Release|Win32
		{A6830BB5-9993-4F6D-8D4E-930F36A1B88F}.Debug.ActiveCfg = Debug|Win32
		{A6830BB5-9993-4F6D-8D4E-930F36A1B88F}.Debug.Build.0 = Debug|Win32
		{A6830BB5-9993-4F6D-8D4E-930F36A1B88F}.Release.ActiveCfg = Release|Win32
		{A6830BB5-9993-4F6D-8D4E-930F36A1B88F}.Release.Build.0 = Release|Win32
		{C61A6060-5F0B-4B83-A0BC-678CCDA98FF6}.Debug.ActiveCfg = Debug|Win32
		{C61A6060-5F0B-4B83-A0BC-678CCDA98FF6}.Debug.Build.0 = Debug|Win32
		{C61A6060-5F0B-4B83-A0BC-678CCDA98FF6}.Release.ActiveCfg = Release|Win32
		{C61A6060-5F0B-4B83-A0BC-678CCDA98FF6}.Release.Build.0 = Release|Win32
		{6FDA6A78-A473-4FEB-86A5-96D1CC65D5B9}.Debug.ActiveCfg = Debug|Win32
		{6FDA6A78-A473-4FEB-86A5-96D1CC65D5B9}.Debug.Build.0 = Debug|Win32
		{6FDA6A78-A473-4FEB-86A5-96D1CC65D5B9}.Release.ActiveCfg = Release|Win32
		{6FDA6A78-A473-4FEB-86A5-96D1CC65D5B9}.Release.Build.0 = Release|Win32
		{1982C73F-3D1C-46A6-9DFB-C7B03310365B}.Debug.ActiveCfg = Debug|Win32
		{1982C73F-3D1C-46A6-9DFB-C7B03310365B}.Debug.Build.0 = Debug|Win32
		{1982C73F-3D1C-46A6-9DFB-C7B03310365B}.Release.ActiveCfg = Release|Win32
		{1982C73F-3D1C-46A6-9DFB-C7B03310365B}.Release.Build.0 = Release|Win32
		{4FCE5A80-E8AC-448E-AAA0-B1A35AB9551B}.Debug.ActiveCfg = Debug|Win32
		{4FCE5A80-E8AC-448E-AAA0-B1A35AB9551B}.Debug.Build.0 = Debug|Win32
		{4FCE5A80-E8AC-448E-AAA0-B1A35AB9551B}.Release.ActiveCfg = Release|Win32
		{4FCE5A80-E8AC-448E-AAA0-B1A35AB9551B}.Release.Build.0 = Release|Win32
		{0F172B9C-E5D5-4EB1-BFDB-93D787A37461}.Debug.ActiveCfg = Debug|Win32
		{0F172B9C-E5D5-4EB1-BFDB-93D787A37461}.Debug.Build.0 = Debug|Win32
		{0F172B9C-E5D5-4EB1-BFDB-93D787A37461}.Release.ActiveCfg = Release|Win32
		{0F172B9C-E5D5-4EB1-BFDB-93D787A37461}.Release.Build.0 = Release|Win32
		{7D0A20FE-40A6-4E64-AD26-5E34AE391DF4}.Debug.ActiveCfg = Debug|Win32
		{7D0A20FE-40A6-4E64-AD26-5E34AE391DF4}.Debug.Build.0 = Debug|Win32
		{7D0A20FE-40A6-4E64-AD26-5E34AE391DF4}.Release.ActiveCfg = Release|Win32
		{7D0A20FE-40A6-4E64-AD26-5E34AE391DF4}.Release.Build.0 = Release|Win32
		{EDD4B978-5ABA-448B-8DA7-A02F99714D66}.Debug.ActiveCfg = Debug|Win32
		{EDD4B978-5ABA-448B-8DA7-A02F99714D66}.Debug.Build.0 = Debug|Win32
		{EDD4B978-5ABA-448B-8DA7-A02F99714D66}.Release.ActiveCfg = Release|Win32
		{EDD4B978-5ABA-448B-8DA7-A02F99714D66}.Release.Build.0 = Release|Win32
		{D5EAD9CA-691E-4367-BFCC-C671581851E4}.Debug.ActiveCfg = Debug|Win32
		{D5EAD9CA-691E-4367-BFCC-C671581851E4}.Debug.Build.0 = Debug|Win32
		{D5EAD9CA-691E-4367-BFCC-C671581851E4}.Release.ActiveCfg = Release|Win32
		{D5EAD9CA-691E-4367-BFCC-C671581851E4}.Release.Build.0 = Release|Win32
		{161D4349-5DB6-4BCC-A890-FC20A2BB181A}.Debug.ActiveCfg = Debug|Win32
		{161D4349-5DB6-4BCC-A890-FC20A2BB181A}.Debug.Build.0 = Debug|Win32
		{161D4349-5DB6-4BCC-A890-FC20A2BB181A}.Release.ActiveCfg = Release|Win32
		{161D4349-5DB6-4BCC-A890-FC20A2BB181A}.Release.Build.0 = Release|Win32
		{A0C80324-EF9A-41AE-A833-1CC909C38ABB}.Debug.ActiveCfg = Debug|Win32
		{A0C80324-EF9A-41AE-A833-1CC909C38ABB}.Debug.Build.0 = Debug|Win32
		{A0C80324-EF9A-41AE-A833-1CC909C38ABB}.Release.ActiveCfg = Release|Win32
		{A0C80324-EF9A-41AE-A833-1CC909C38ABB}.Release.Build.0 = Release|Win32
		{89C04C44-50A4-47E3-BA46-8EA257329C80}.Debug.ActiveCfg = Debug|Win32
		{89C04C44-50A4-47E3-BA46-8EA257329C80}.Debug.Build.0 = Debug|Win32
		{89C04C44-50A4-47E3-BA46-8EA257329C80}.Release.ActiveCfg = Release|Win32
		{89C04C44-50A4-47E3-BA46-8EA257329C80}.Release.Build.0 = Release|Win32
		{279EA6C7-59CF-48E4-BAC7-3C356A8114F6}.Debug.ActiveCfg = Debug|Win32
		{279EA6C7-59CF-48E4-BAC7-3C356A8114F6}.Debug.Build.0 = Debug|Win32
		{279EA6C7-59CF-48E4-BAC7-3C356A8114F6}.Release.ActiveCfg = Release|Win32
		{279EA6C7-59CF-48E4-BAC7-3C356A8114F6}.Release.Build.0 = Release|Win32
		{40308138-609B-4162-AA55-E8E02BF207F0}.Debug.ActiveCfg = Debug|Win32
		{40308138-609B-4162-AA55-E8E02BF207F0}.Debug.Build.0 = Debug|Win32
		{40308138-609B-4162-AA55-E8E02BF207F0}.Release.ActiveCfg = Release|Win32
		{40308138-609B-4162-AA55-E8E02BF207F0}.Release.Build.0 = Release|Win32
		{B5E6BAD4-960F-418B-8904-FE93EC51947B}.Debug.ActiveCfg = Debug|Win32
		{B5E6BAD4-960F-418B-8904-FE93EC51947B}.Debug.Build.0 = Debug|Win32
		{B5E6BAD4-960F-418B-8904-FE93EC51947B}.Release.ActiveCfg = Release|Win32
		{B5E6BAD4-960F-418B-8904-FE93EC51947B}.Release.Build.0 = Release|Win32
		{0F83CA41-4364-49FF-A230-613B08B5CF82}.Debug.ActiveCfg = Debug|Win32
		{0F83CA41-4364-49FF-A230-613B08B5CF82}.Debug.Build.0 = Debug|Win32
		{0F83CA41-4364-49FF-A230-613B08B5CF82}.Release.ActiveCfg = Release|Win32
		{0F83CA41-4364-49FF-A230-613B08B5CF82}.Release.Build.0 = Release|Win32
		{09F9E809-02CF-4926-8203-2B9C02FBD916}.Debug.ActiveCfg = Debug|Win32
		{09F9E809-02CF-4926-8203-2B9C02FBD916}.Debug.Build.0 = Debug|Win32
		{09F9E809-02CF-4926-8203-2B9C02FBD916}.Release.ActiveCfg = Release|Win32
		{09F9E809-02CF-4926-8203-2B9C02FBD916}.Release.Build.0 = Release|Win32
		{A5DF6866-2C4A-4A55-8981-7D819F3DAE4C}.Debug.ActiveCfg = Debug|Win32
		{A5DF6866-2C4A-4A55-8981-7D819F3DAE4C}.Debug.Build.0 = Debug|Win32
		{A5DF6866-2C4A-4A55-8981-7D819F3DAE4C}.Release.ActiveCfg = Release|Win32
		{A5DF6866-2C4A-4A55-8981-7D819F3DAE4C}.Release.Build.0 = Release|Win32
		{74204563-3B14-42A3-B9E6-8E3201D571BC}.Debug.ActiveCfg = Debug|Win32
		{74204563-3B14-42A3-B9E6-8E3201D571BC}.Debug.Build.0 = Debug|Win32
		{74204563-3B14-42A3-B9E6-8E3201D571BC}.Release.ActiveCfg = Release|Win32
		{74204563-3B14-42A3-B9E6-8E3201D571BC}.Release.Build.0 = Release|Win32
		{109F610E-9B23-4D05-819E-A7F27A42AA94}.Debug.ActiveCfg = Debug|Win32
		{109F610E-9B23-4D05-819E-A7F27A42AA94}.Debug.Build.0 = Debug|Win32
		{109F610E-9B23-4D05-819E-A7F27A42AA94}.Release.ActiveCfg = Release|Win32
		{109F610E-9B23-4D05-819E-A7F27A42AA94}.Release.Build.0 = Release|Win32
		{43E76713-7E47-4AB0-A2FE-F4296B5C3EF8}.Debug.ActiveCfg = Debug|Win32
		{43E76713-7E47-4AB0-A2FE-F4296B5C3EF8}.Debug.Build.0 = Debug|Win32
		{43E76713-7E47-4AB0-A2FE-F4296B5C3EF8}.Release.ActiveCfg = Release|Win32
		{43E76713-7E47-4AB0-A2FE-F4296B5C3EF8}.Release.Build.0 = Release|Win32
		{BC7E19F4-4B5D-4549-B473-E234011B6719}.Debug.ActiveCfg = Debug|Win32
		{BC7E19F4-4B5D-4549-B473-E234011B6719}.Debug.Build.0 = Debug|Win32
		{BC7E19F4-4B5D-4549-B473-E234011B6719}.Release.ActiveCfg = Release|Win32
		{BC7E19F4-4B5D-4549-B473-E234011B6719}.Release.Build.0 = Release|Win32
		{C9AF3D1F-44A3-413A-B137-264C6D559CED}.Debug.ActiveCfg = Debug|Win32
		{C9AF3D1F-44A3-413A-B137-264C6D559CED}.Debug.Build.0 = Debug|Win32
		{C9AF3D1F-44A3-413A-B137-264C6D559CED}.Release.ActiveCfg = Release|Win32
		{C9AF3D1F-44A3-413A-B137-264C6D559CED}.Release.Build.0 = Release|Win32
		{2EF34790-42A6-4722-925A-8255120A90E3}.Debug.ActiveCfg = Debug|Win32
		{2EF34790-42A6-4722-925A-8255120A90E3}.Debug.Build.0 = Debug|Win32
		{2EF34790-42A6-4722-925A-8255120A90E3}.Release.ActiveCfg = Release|Win32
		{2EF34790-42A6-4722-925A-8255120A90E3}.Release.Build.0 = Release|Win32
		{86B4ED07-3D95-45C3-B387-512046E95C68}.Debug.ActiveCfg = Debug|Win32
		{86B4ED07-3D95-45C3-B387-512046E95C68}.Debug.Build.0 = Debug|Win32
		{86B4ED07-3D95-45C3-B387-512046E95C68}.Release.ActiveCfg = Release|Win32
		{86B4ED07-3D95-45C3-B387-512046E95C68}.Release.Build.0 = Release|Win32
		{1BB416AA-358A-4B4B-B565-14CE1BF9D4FD}.Debug.ActiveCfg = Debug|Win32
		{1BB416AA-358A-4B4B-B565-14CE1BF9D4FD}.Debug.Build.0 = Debug|Win32
		{1BB416AA-358A-4B4B-B565-14CE1BF9D4FD}.Release.ActiveCfg = Release|Win32
		{1BB416AA-358A-4B4B-B565-14CE1BF9D4FD}.Release.Build.0 = Release|Win32
		{4C359709-9A70-4ED8-9071-8BCF1BCD83E7}.Debug.ActiveCfg = Debug|Win32
		{4C359709-9A70-4ED8-9071-8BCF1BCD83E7}.Debug.Build.0 = Debug|Win32
		{4C359709-9A70-4ED8-9071-8BCF1BCD83E7}.Release.ActiveCfg = Release|Win32
		{4C359709-9A70-4ED8-9071-8BCF1BCD83E7}.Release.Build.0 = Release|Win32
		{AB50ACAA-ADE7-4554-B56B-68991C41D29A}.Debug.ActiveCfg = Debug|Win32
		{AB50ACAA-ADE7-4554-B56B-68991C41D29A}.Debug.Build.0 = Debug|Win32
		{AB50ACAA-ADE7-4554-B56B-68991C41D29A}.Release.ActiveCfg = Release|Win32
		{AB50ACAA-ADE7-4554-B56B-68991C41D29A}.Release.Build.0 = Release|Win32
		{C7167FBD-F166-4DEA-B50B-9F25E28B75F6}.Debug.ActiveCfg = Debug|Win32
		{C7167FBD-F166-4DEA-B50B-9F25E28B75F6}.Debug.Build.0 = Debug|Win32
		{C7167FBD-F166-4DEA-B50B-9F25E28B75F6}.Release.ActiveCfg = Release|Win32
		{C7167FBD-F166-4DEA-B50B-9F25E28B75F6}.Release.Build.0 = Release|Win32
		{2BA1BBEE-CE27-48D6-A89D-EBAA81D40B6D}.Debug.ActiveCfg = Debug|Win32
		{2BA1BBEE-CE27-48D6-A89D-EBAA81D40B6D}.Debug.Build.0 = Debug|Win32
		{2BA1BBEE-CE27-48D6-A89D-EBAA81D40B6D}.Release.ActiveCfg = Release|Win32
		{2BA1BBEE-CE27-48D6-A89D-EBAA81D40B6D}.Release.Build.0 = Release|Win32
		{6B3CABED-0D07-4AF0-8931-929B9B28BA8B}.Debug.ActiveCfg = Debug|Win32
		{6B3CABED-0D07-4AF0-8931-929B9B28BA8B}.Debug.Build.0 = Debug|Win32
		{6B3CABED-0D07-4AF0-8931-929B9B28BA8B}.Release.ActiveCfg = Release|Win32
		{6B3CABED-0D07-4AF0-8931-929B9B28BA8B}.Release.Build.0 = Release|Win32
		{D4929E45-2A25-4F53-96A1-E1BCD91D9B6A}.Debug.ActiveCfg = Debug|Win32
		{D4929E45-2A25-4F53-96A1-E1BCD91D9B6A}.Debug.Build.0 = Debug|Win32
		{D4929E45-2A25-4F53-96A1-E1BCD91D9B6A}.Release.ActiveCfg = Release|Win32
		{D4929E45-2A25-4F53-96A1-E1BCD91D9B6A}.Release.Build.0 = Release|Win32
		{B4FB6BCF-FA5A-42C2-9FA5-F1653B95ADE3}.Debug.ActiveCfg = Debug|Win32
		{B4FB6BCF-FA5A-42C2-9FA5-F1653B95ADE3}.Debug.Build.0 = Debug|Win32
		{B4FB6BCF-FA5A-42C2-9FA5-F1653B95ADE3}.Release.ActiveCfg = Release|Win32
		{B4FB6BCF-FA5A-42C2-9FA5-F1653B95ADE3}.Release.Build.0 = Release|Win32
		{F6C5DBF5-AD48-4F33-B824-595092CFE850}.Debug.ActiveCfg = Debug|Win32
		{F6C5DBF5-AD48-4F33-B824-595092CFE850}.Debug.Build.0 = Debug|Win32
		{F6C5DBF5-AD48-4F33-B824-595092CFE850}.Release.ActiveCfg = Release|Win32
		{F6C5DBF5-AD48-4F33-B824-595092CFE850}.Release.Build.0 = Release|Win32
	EndGlobalSection
	GlobalSection(ExtensibilityGlobals) = postSolution
		DPBuild = 5
	EndGlobalSection
	GlobalSection(ExtensibilityAddIns) = postSolution
	EndGlobalSection
EndGlobal
