Microsoft Visual Studio Solution File, Format Version 8.00
Project("{8BC9CEB8-8B4A-11D0-8D11-00A0C91BC942}") = "Demo_Instancing", "Demo_Instancing.vcproj", "{35134523-6D5B-4AFA-BFB4-4D57C42C2169}"
	ProjectSection(ProjectDependencies) = postProject
	EndProjectSection
EndProject
Global
	GlobalSection(SolutionConfiguration) = preSolution
		Debug = Debug
		Release = Release
	EndGlobalSection
	GlobalSection(ProjectConfiguration) = postSolution
		{35134523-6D5B-4AFA-BFB4-4D57C42C2169}.Debug.ActiveCfg = Debug|Win32
		{35134523-6D5B-4AFA-BFB4-4D57C42C2169}.Debug.Build.0 = Debug|Win32
		{35134523-6D5B-4AFA-BFB4-4D57C42C2169}.Release.ActiveCfg = Release|Win32
		{35134523-6D5B-4AFA-BFB4-4D57C42C2169}.Release.Build.0 = Release|Win32
	EndGlobalSection
	GlobalSection(ExtensibilityGlobals) = postSolution
	EndGlobalSection
	GlobalSection(ExtensibilityAddIns) = postSolution
	EndGlobalSection
EndGlobal
